// !$*UTF8*$!
{
	archiveVersion = 1;
	classes = {
	};
	objectVersion = 44;
	objects = {

/* Begin PBXBuildFile section */
		8D15AC2C0486D014006FF6A4 /* Credits.rtf in Resources */ = {isa = PBXBuildFile; fileRef = 2A37F4B9FDCFA73011CA2CEA /* Credits.rtf */; };
		8D15AC2D0486D014006FF6A4 /* MainMenu.nib in Resources */ = {isa = PBXBuildFile; fileRef = 2A37F4B6FDCFA73011CA2CEA /* MainMenu.nib */; };
		8D15AC2E0486D014006FF6A4 /* MyDocument.nib in Resources */ = {isa = PBXBuildFile; fileRef = 2A37F4B4FDCFA73011CA2CEA /* MyDocument.nib */; };
		8D15AC2F0486D014006FF6A4 /* InfoPlist.strings in Resources */ = {isa = PBXBuildFile; fileRef = 089C165FFE840EACC02AAC07 /* InfoPlist.strings */; };
		8D15AC310486D014006FF6A4 /* MyDocument.mm in Sources */ = {isa = PBXBuildFile; fileRef = 2A37F4ACFDCFA73011CA2CEA /* MyDocument.mm */; settings = {ATTRIBUTES = (); }; };
		8D15AC320486D014006FF6A4 /* main.mm in Sources */ = {isa = PBXBuildFile; fileRef = 2A37F4B0FDCFA73011CA2CEA /* main.mm */; settings = {ATTRIBUTES = (); }; };
		8D15AC340486D014006FF6A4 /* Cocoa.framework in Frameworks */ = {isa = PBXBuildFile; fileRef = 1058C7A7FEA54F5311CA2CBB /* Cocoa.framework */; };
		FC2A9CF20CDE46B90036EEAA /* O3ObjectEditor.mm in Sources */ = {isa = PBXBuildFile; fileRef = FC2A9CF10CDE46B90036EEAA /* O3ObjectEditor.mm */; };
		FC2A9CF90CDE4FEE0036EEAA /* ObjectEditor.nib in Resources */ = {isa = PBXBuildFile; fileRef = FC2A9CF70CDE4FEE0036EEAA /* ObjectEditor.nib */; };
		FC2A9D870CDE8FBC0036EEAA /* DropableCollectionView.mm in Sources */ = {isa = PBXBuildFile; fileRef = FC2A9D860CDE8FBC0036EEAA /* DropableCollectionView.mm */; };
		FC2A9D8A0CDEAA8D0036EEAA /* O3MeshImporter.mm in Sources */ = {isa = PBXBuildFile; fileRef = FC2A9D890CDEAA8D0036EEAA /* O3MeshImporter.mm */; };
		FC4A43CA0CDD162C00D71FEF /* RootObject.mm in Sources */ = {isa = PBXBuildFile; fileRef = FC4A43C90CDD162C00D71FEF /* RootObject.mm */; };
		FC4A44600CDD23EA00D71FEF /* ObjC3D.framework in Copy in ObjC3D */ = {isa = PBXBuildFile; fileRef = FC4A43FF0CDD23DE00D71FEF /* ObjC3D.framework */; };
		FC4A44610CDD23F700D71FEF /* ObjC3D.framework in Frameworks */ = {isa = PBXBuildFile; fileRef = FC4A43FF0CDD23DE00D71FEF /* ObjC3D.framework */; };
		FC4A44BD0CDE2BE600D71FEF /* MyApp.mm in Sources */ = {isa = PBXBuildFile; fileRef = FC4A44BC0CDE2BE600D71FEF /* MyApp.mm */; };
		FC4A44C20CDE2F5600D71FEF /* O3Mesh+Galaxy.mm in Sources */ = {isa = PBXBuildFile; fileRef = FC4A44C10CDE2F5600D71FEF /* O3Mesh+Galaxy.mm */; };
		FC4A44C70CDE2FAC00D71FEF /* O3Editor.mm in Sources */ = {isa = PBXBuildFile; fileRef = FC4A44C60CDE2FAC00D71FEF /* O3Editor.mm */; };
		FC4A44C90CDE3B7D00D71FEF /* O3MeshIcon.png in Resources */ = {isa = PBXBuildFile; fileRef = FC4A44C80CDE3B7D00D71FEF /* O3MeshIcon.png */; };
		FC4A44CE0CDE3CD300D71FEF /* O3MeshEditor.mm in Sources */ = {isa = PBXBuildFile; fileRef = FC4A44CD0CDE3CD300D71FEF /* O3MeshEditor.mm */; };
/* End PBXBuildFile section */

/* Begin PBXContainerItemProxy section */
		FC6F29AB0CB028270081FA5D /* PBXContainerItemProxy */ = {
			isa = PBXContainerItemProxy;
			containerPortal = FC6F29A40CB028270081FA5D /* ObjC3D.xcodeproj */;
			proxyType = 2;
			remoteGlobalIDString = FCEF50D70C17C1C900B97983;
			remoteInfo = Tests;
		};
		FC6F29AD0CB028270081FA5D /* PBXContainerItemProxy */ = {
			isa = PBXContainerItemProxy;
			containerPortal = FC6F29A40CB028270081FA5D /* ObjC3D.xcodeproj */;
			proxyType = 2;
			remoteGlobalIDString = FC2C1BB70C123F7A0084A599;
			remoteInfo = ObjC3D.framework;
		};
		FC6F29AF0CB028270081FA5D /* PBXContainerItemProxy */ = {
			isa = PBXContainerItemProxy;
			containerPortal = FC6F29A40CB028270081FA5D /* ObjC3D.xcodeproj */;
			proxyType = 2;
			remoteGlobalIDString = FCEA98D60C9E18F800D93A70;
			remoteInfo = TestRunner;
		};
		FC6F29B60CB028AA0081FA5D /* PBXContainerItemProxy */ = {
			isa = PBXContainerItemProxy;
			containerPortal = FC6F29A40CB028270081FA5D /* ObjC3D.xcodeproj */;
			proxyType = 1;
			remoteGlobalIDString = FC2C1BB60C123F790084A599;
			remoteInfo = ObjC3D.framework;
		};
/* End PBXContainerItemProxy section */

/* Begin PBXCopyFilesBuildPhase section */
		FC6F29850CB024180081FA5D /* Copy in ObjC3D */ = {
			isa = PBXCopyFilesBuildPhase;
			buildActionMask = 2147483647;
			dstPath = "";
			dstSubfolderSpec = 10;
			files = (
				FC4A44600CDD23EA00D71FEF /* ObjC3D.framework in Copy in ObjC3D */,
			);
			name = "Copy in ObjC3D";
			runOnlyForDeploymentPostprocessing = 0;
		};
/* End PBXCopyFilesBuildPhase section */

/* Begin PBXFileReference section */
		089C1660FE840EACC02AAC07 /* English */ = {isa = PBXFileReference; fileEncoding = 10; lastKnownFileType = text.plist.strings; name = English; path = English.lproj/InfoPlist.strings; sourceTree = "<group>"; };
		1058C7A7FEA54F5311CA2CBB /* Cocoa.framework */ = {isa = PBXFileReference; lastKnownFileType = wrapper.framework; name = Cocoa.framework; path = /System/Library/Frameworks/Cocoa.framework; sourceTree = "<absolute>"; };
		13E42FBA07B3F13500E4EEF1 /* CoreData.framework */ = {isa = PBXFileReference; lastKnownFileType = wrapper.framework; name = CoreData.framework; path = /System/Library/Frameworks/CoreData.framework; sourceTree = "<absolute>"; };
		2A37F4ACFDCFA73011CA2CEA /* MyDocument.mm */ = {isa = PBXFileReference; fileEncoding = 4; lastKnownFileType = sourcecode.cpp.objcpp; path = MyDocument.mm; sourceTree = "<group>"; };
		2A37F4AEFDCFA73011CA2CEA /* MyDocument.h */ = {isa = PBXFileReference; fileEncoding = 4; lastKnownFileType = sourcecode.c.h; path = MyDocument.h; sourceTree = "<group>"; };
		2A37F4B0FDCFA73011CA2CEA /* main.mm */ = {isa = PBXFileReference; fileEncoding = 4; lastKnownFileType = sourcecode.cpp.objcpp; path = main.mm; sourceTree = "<group>"; };
		2A37F4B5FDCFA73011CA2CEA /* English */ = {isa = PBXFileReference; lastKnownFileType = wrapper.nib; name = English; path = English.lproj/MyDocument.nib; sourceTree = "<group>"; };
		2A37F4B7FDCFA73011CA2CEA /* English */ = {isa = PBXFileReference; lastKnownFileType = wrapper.nib; name = English; path = English.lproj/MainMenu.nib; sourceTree = "<group>"; };
		2A37F4BAFDCFA73011CA2CEA /* English */ = {isa = PBXFileReference; lastKnownFileType = text.rtf; name = English; path = English.lproj/Credits.rtf; sourceTree = "<group>"; };
		2A37F4C4FDCFA73011CA2CEA /* AppKit.framework */ = {isa = PBXFileReference; lastKnownFileType = wrapper.framework; name = AppKit.framework; path = /System/Library/Frameworks/AppKit.framework; sourceTree = "<absolute>"; };
		2A37F4C5FDCFA73011CA2CEA /* Foundation.framework */ = {isa = PBXFileReference; lastKnownFileType = wrapper.framework; name = Foundation.framework; path = /System/Library/Frameworks/Foundation.framework; sourceTree = "<absolute>"; };
		32DBCF750370BD2300C91783 /* Galaxy_Prefix.pch */ = {isa = PBXFileReference; fileEncoding = 4; lastKnownFileType = sourcecode.c.h; path = Galaxy_Prefix.pch; sourceTree = "<group>"; };
		8D15AC360486D014006FF6A4 /* Info.plist */ = {isa = PBXFileReference; fileEncoding = 4; lastKnownFileType = text.plist.xml; path = Info.plist; sourceTree = "<group>"; };
		8D15AC370486D014006FF6A4 /* Galaxy.app */ = {isa = PBXFileReference; explicitFileType = wrapper.application; includeInIndex = 0; path = Galaxy.app; sourceTree = BUILT_PRODUCTS_DIR; };
		FC2A9CF00CDE46B90036EEAA /* O3ObjectEditor.h */ = {isa = PBXFileReference; fileEncoding = 4; lastKnownFileType = sourcecode.c.h; path = O3ObjectEditor.h; sourceTree = "<group>"; };
		FC2A9CF10CDE46B90036EEAA /* O3ObjectEditor.mm */ = {isa = PBXFileReference; fileEncoding = 4; lastKnownFileType = sourcecode.cpp.objcpp; path = O3ObjectEditor.mm; sourceTree = "<group>"; };
		FC2A9CF80CDE4FEE0036EEAA /* English */ = {isa = PBXFileReference; lastKnownFileType = wrapper.nib; name = English; path = English.lproj/ObjectEditor.nib; sourceTree = "<group>"; };
		FC2A9D850CDE8FBC0036EEAA /* DropableCollectionView.h */ = {isa = PBXFileReference; fileEncoding = 4; lastKnownFileType = sourcecode.c.h; path = DropableCollectionView.h; sourceTree = "<group>"; };
		FC2A9D860CDE8FBC0036EEAA /* DropableCollectionView.mm */ = {isa = PBXFileReference; fileEncoding = 4; lastKnownFileType = sourcecode.cpp.objcpp; path = DropableCollectionView.mm; sourceTree = "<group>"; };
		FC2A9D880CDEAA8D0036EEAA /* O3MeshImporter.h */ = {isa = PBXFileReference; fileEncoding = 4; lastKnownFileType = sourcecode.c.h; path = O3MeshImporter.h; sourceTree = "<group>"; };
		FC2A9D890CDEAA8D0036EEAA /* O3MeshImporter.mm */ = {isa = PBXFileReference; fileEncoding = 4; lastKnownFileType = sourcecode.cpp.objcpp; path = O3MeshImporter.mm; sourceTree = "<group>"; };
		FC4A43C80CDD162C00D71FEF /* RootObject.h */ = {isa = PBXFileReference; fileEncoding = 4; lastKnownFileType = sourcecode.c.h; path = RootObject.h; sourceTree = "<group>"; };
		FC4A43C90CDD162C00D71FEF /* RootObject.mm */ = {isa = PBXFileReference; fileEncoding = 4; lastKnownFileType = sourcecode.cpp.objcpp; path = RootObject.mm; sourceTree = "<group>"; };
		FC4A43FF0CDD23DE00D71FEF /* ObjC3D.framework */ = {isa = PBXFileReference; lastKnownFileType = wrapper.framework; name = ObjC3D.framework; path = ../build/ObjC3D.framework; sourceTree = SOURCE_ROOT; };
		FC4A44BB0CDE2BE600D71FEF /* MyApp.h */ = {isa = PBXFileReference; fileEncoding = 4; lastKnownFileType = sourcecode.c.h; path = MyApp.h; sourceTree = "<group>"; };
		FC4A44BC0CDE2BE600D71FEF /* MyApp.mm */ = {isa = PBXFileReference; fileEncoding = 4; lastKnownFileType = sourcecode.cpp.objcpp; path = MyApp.mm; sourceTree = "<group>"; };
		FC4A44C00CDE2F5600D71FEF /* O3Mesh+Galaxy.h */ = {isa = PBXFileReference; fileEncoding = 4; lastKnownFileType = sourcecode.c.h; path = "O3Mesh+Galaxy.h"; sourceTree = "<group>"; };
		FC4A44C10CDE2F5600D71FEF /* O3Mesh+Galaxy.mm */ = {isa = PBXFileReference; fileEncoding = 4; lastKnownFileType = sourcecode.cpp.objcpp; path = "O3Mesh+Galaxy.mm"; sourceTree = "<group>"; };
		FC4A44C50CDE2FAC00D71FEF /* O3Editor.h */ = {isa = PBXFileReference; fileEncoding = 4; lastKnownFileType = sourcecode.c.h; path = O3Editor.h; sourceTree = "<group>"; };
		FC4A44C60CDE2FAC00D71FEF /* O3Editor.mm */ = {isa = PBXFileReference; fileEncoding = 4; lastKnownFileType = sourcecode.cpp.objcpp; path = O3Editor.mm; sourceTree = "<group>"; };
		FC4A44C80CDE3B7D00D71FEF /* O3MeshIcon.png */ = {isa = PBXFileReference; lastKnownFileType = image.png; path = O3MeshIcon.png; sourceTree = "<group>"; };
		FC4A44CC0CDE3CD300D71FEF /* O3MeshEditor.h */ = {isa = PBXFileReference; fileEncoding = 4; lastKnownFileType = sourcecode.c.h; path = O3MeshEditor.h; sourceTree = "<group>"; };
		FC4A44CD0CDE3CD300D71FEF /* O3MeshEditor.mm */ = {isa = PBXFileReference; fileEncoding = 4; lastKnownFileType = sourcecode.cpp.objcpp; path = O3MeshEditor.mm; sourceTree = "<group>"; };
		FC6F29A40CB028270081FA5D /* ObjC3D.xcodeproj */ = {isa = PBXFileReference; lastKnownFileType = "wrapper.pb-project"; name = ObjC3D.xcodeproj; path = ../ObjC3D.xcodeproj; sourceTree = SOURCE_ROOT; };
/* End PBXFileReference section */

/* Begin PBXFrameworksBuildPhase section */
		8D15AC330486D014006FF6A4 /* Frameworks */ = {
			isa = PBXFrameworksBuildPhase;
			buildActionMask = 2147483647;
			files = (
				FC4A44610CDD23F700D71FEF /* ObjC3D.framework in Frameworks */,
				8D15AC340486D014006FF6A4 /* Cocoa.framework in Frameworks */,
			);
			runOnlyForDeploymentPostprocessing = 0;
		};
/* End PBXFrameworksBuildPhase section */

/* Begin PBXGroup section */
		1058C7A6FEA54F5311CA2CBB /* Linked Frameworks */ = {
			isa = PBXGroup;
			children = (
				1058C7A7FEA54F5311CA2CBB /* Cocoa.framework */,
			);
			name = "Linked Frameworks";
			sourceTree = "<group>";
		};
		1058C7A8FEA54F5311CA2CBB /* Other Frameworks */ = {
			isa = PBXGroup;
			children = (
				2A37F4C4FDCFA73011CA2CEA /* AppKit.framework */,
				13E42FBA07B3F13500E4EEF1 /* CoreData.framework */,
				2A37F4C5FDCFA73011CA2CEA /* Foundation.framework */,
			);
			name = "Other Frameworks";
			sourceTree = "<group>";
		};
		19C28FB0FE9D524F11CA2CBB /* Products */ = {
			isa = PBXGroup;
			children = (
				8D15AC370486D014006FF6A4 /* Galaxy.app */,
			);
			name = Products;
			sourceTree = "<group>";
		};
		2A37F4AAFDCFA73011CA2CEA /* Galaxy */ = {
			isa = PBXGroup;
			children = (
				FC4A44BF0CDE2F1A00D71FEF /* Editors */,
				FC6F29A40CB028270081FA5D /* ObjC3D.xcodeproj */,
				2A37F4ABFDCFA73011CA2CEA /* Classes */,
				2A37F4AFFDCFA73011CA2CEA /* Other Sources */,
				2A37F4B8FDCFA73011CA2CEA /* Resources */,
				2A37F4C3FDCFA73011CA2CEA /* Frameworks */,
				19C28FB0FE9D524F11CA2CBB /* Products */,
			);
			name = Galaxy;
			sourceTree = "<group>";
		};
		2A37F4ABFDCFA73011CA2CEA /* Classes */ = {
			isa = PBXGroup;
			children = (
				FC4A43C80CDD162C00D71FEF /* RootObject.h */,
				FC4A43C90CDD162C00D71FEF /* RootObject.mm */,
				2A37F4AEFDCFA73011CA2CEA /* MyDocument.h */,
				2A37F4ACFDCFA73011CA2CEA /* MyDocument.mm */,
				FC4A44BB0CDE2BE600D71FEF /* MyApp.h */,
				FC4A44BC0CDE2BE600D71FEF /* MyApp.mm */,
			);
			name = Classes;
			sourceTree = "<group>";
		};
		2A37F4AFFDCFA73011CA2CEA /* Other Sources */ = {
			isa = PBXGroup;
			children = (
				32DBCF750370BD2300C91783 /* Galaxy_Prefix.pch */,
				2A37F4B0FDCFA73011CA2CEA /* main.mm */,
			);
			name = "Other Sources";
			sourceTree = "<group>";
		};
		2A37F4B8FDCFA73011CA2CEA /* Resources */ = {
			isa = PBXGroup;
			children = (
				2A37F4B9FDCFA73011CA2CEA /* Credits.rtf */,
				FC2A9CF70CDE4FEE0036EEAA /* ObjectEditor.nib */,
				2A37F4B6FDCFA73011CA2CEA /* MainMenu.nib */,
				2A37F4B4FDCFA73011CA2CEA /* MyDocument.nib */,
				8D15AC360486D014006FF6A4 /* Info.plist */,
				089C165FFE840EACC02AAC07 /* InfoPlist.strings */,
			);
			name = Resources;
			sourceTree = "<group>";
		};
		2A37F4C3FDCFA73011CA2CEA /* Frameworks */ = {
			isa = PBXGroup;
			children = (
				FC4A43FF0CDD23DE00D71FEF /* ObjC3D.framework */,
				1058C7A6FEA54F5311CA2CBB /* Linked Frameworks */,
				1058C7A8FEA54F5311CA2CBB /* Other Frameworks */,
			);
			name = Frameworks;
			sourceTree = "<group>";
		};
		FC4A44BF0CDE2F1A00D71FEF /* Editors */ = {
			isa = PBXGroup;
			children = (
				FC4A44C40CDE2F9600D71FEF /* O3Mesh */,
				FC4A44C50CDE2FAC00D71FEF /* O3Editor.h */,
				FC4A44C60CDE2FAC00D71FEF /* O3Editor.mm */,
				FC2A9CF00CDE46B90036EEAA /* O3ObjectEditor.h */,
				FC2A9CF10CDE46B90036EEAA /* O3ObjectEditor.mm */,
				FC2A9D850CDE8FBC0036EEAA /* DropableCollectionView.h */,
				FC2A9D860CDE8FBC0036EEAA /* DropableCollectionView.mm */,
			);
			name = Editors;
			sourceTree = "<group>";
		};
		FC4A44C40CDE2F9600D71FEF /* O3Mesh */ = {
			isa = PBXGroup;
			children = (
				FC4A44C80CDE3B7D00D71FEF /* O3MeshIcon.png */,
				FC4A44C00CDE2F5600D71FEF /* O3Mesh+Galaxy.h */,
				FC4A44C10CDE2F5600D71FEF /* O3Mesh+Galaxy.mm */,
				FC4A44CC0CDE3CD300D71FEF /* O3MeshEditor.h */,
				FC4A44CD0CDE3CD300D71FEF /* O3MeshEditor.mm */,
				FC2A9D880CDEAA8D0036EEAA /* O3MeshImporter.h */,
				FC2A9D890CDEAA8D0036EEAA /* O3MeshImporter.mm */,
			);
			name = O3Mesh;
			sourceTree = "<group>";
		};
		FC6F29A50CB028270081FA5D /* Products */ = {
			isa = PBXGroup;
			children = (
				FC6F29AC0CB028270081FA5D /* Tests.octest */,
				FC6F29AE0CB028270081FA5D /* ObjC3D.framework */,
				FC6F29B00CB028270081FA5D /* TestRunner.app */,
			);
			name = Products;
			sourceTree = "<group>";
		};
/* End PBXGroup section */

/* Begin PBXNativeTarget section */
		8D15AC270486D014006FF6A4 /* Galaxy */ = {
			isa = PBXNativeTarget;
			buildConfigurationList = C05733C708A9546B00998B17 /* Build configuration list for PBXNativeTarget "Galaxy" */;
			buildPhases = (
				FC6F29850CB024180081FA5D /* Copy in ObjC3D */,
				8D15AC2B0486D014006FF6A4 /* Resources */,
				8D15AC300486D014006FF6A4 /* Sources */,
				8D15AC330486D014006FF6A4 /* Frameworks */,
			);
			buildRules = (
			);
			dependencies = (
				FC6F29B70CB028AA0081FA5D /* PBXTargetDependency */,
			);
			name = Galaxy;
			productInstallPath = "$(HOME)/Applications";
			productName = Galaxy;
			productReference = 8D15AC370486D014006FF6A4 /* Galaxy.app */;
			productType = "com.apple.product-type.application";
		};
/* End PBXNativeTarget section */

/* Begin PBXProject section */
		2A37F4A9FDCFA73011CA2CEA /* Project object */ = {
			isa = PBXProject;
			buildConfigurationList = C05733CB08A9546B00998B17 /* Build configuration list for PBXProject "Galaxy" */;
			compatibilityVersion = "Xcode 3.0";
			hasScannedForEncodings = 1;
			mainGroup = 2A37F4AAFDCFA73011CA2CEA /* Galaxy */;
			projectDirPath = "";
			projectReferences = (
				{
					ProductGroup = FC6F29A50CB028270081FA5D /* Products */;
					ProjectRef = FC6F29A40CB028270081FA5D /* ObjC3D.xcodeproj */;
				},
			);
			projectRoot = "";
			targets = (
				8D15AC270486D014006FF6A4 /* Galaxy */,
			);
		};
/* End PBXProject section */

/* Begin PBXReferenceProxy section */
		FC6F29AC0CB028270081FA5D /* Tests.octest */ = {
			isa = PBXReferenceProxy;
			fileType = wrapper.cfbundle;
			path = Tests.octest;
			remoteRef = FC6F29AB0CB028270081FA5D /* PBXContainerItemProxy */;
			sourceTree = BUILT_PRODUCTS_DIR;
		};
		FC6F29AE0CB028270081FA5D /* ObjC3D.framework */ = {
			isa = PBXReferenceProxy;
			fileType = wrapper.framework;
			path = ObjC3D.framework;
			remoteRef = FC6F29AD0CB028270081FA5D /* PBXContainerItemProxy */;
			sourceTree = BUILT_PRODUCTS_DIR;
		};
		FC6F29B00CB028270081FA5D /* TestRunner.app */ = {
			isa = PBXReferenceProxy;
			fileType = wrapper.application;
			path = TestRunner.app;
			remoteRef = FC6F29AF0CB028270081FA5D /* PBXContainerItemProxy */;
			sourceTree = BUILT_PRODUCTS_DIR;
		};
/* End PBXReferenceProxy section */

/* Begin PBXResourcesBuildPhase section */
		8D15AC2B0486D014006FF6A4 /* Resources */ = {
			isa = PBXResourcesBuildPhase;
			buildActionMask = 2147483647;
			files = (
				8D15AC2C0486D014006FF6A4 /* Credits.rtf in Resources */,
				8D15AC2D0486D014006FF6A4 /* MainMenu.nib in Resources */,
				8D15AC2E0486D014006FF6A4 /* MyDocument.nib in Resources */,
				8D15AC2F0486D014006FF6A4 /* InfoPlist.strings in Resources */,
				FC4A44C90CDE3B7D00D71FEF /* O3MeshIcon.png in Resources */,
				FC2A9CF90CDE4FEE0036EEAA /* ObjectEditor.nib in Resources */,
			);
			runOnlyForDeploymentPostprocessing = 0;
		};
/* End PBXResourcesBuildPhase section */

/* Begin PBXSourcesBuildPhase section */
		8D15AC300486D014006FF6A4 /* Sources */ = {
			isa = PBXSourcesBuildPhase;
			buildActionMask = 2147483647;
			files = (
				8D15AC310486D014006FF6A4 /* MyDocument.mm in Sources */,
				8D15AC320486D014006FF6A4 /* main.mm in Sources */,
				FC4A43CA0CDD162C00D71FEF /* RootObject.mm in Sources */,
				FC4A44BD0CDE2BE600D71FEF /* MyApp.mm in Sources */,
				FC4A44C20CDE2F5600D71FEF /* O3Mesh+Galaxy.mm in Sources */,
				FC4A44C70CDE2FAC00D71FEF /* O3Editor.mm in Sources */,
				FC4A44CE0CDE3CD300D71FEF /* O3MeshEditor.mm in Sources */,
				FC2A9CF20CDE46B90036EEAA /* O3ObjectEditor.mm in Sources */,
				FC2A9D870CDE8FBC0036EEAA /* DropableCollectionView.mm in Sources */,
				FC2A9D8A0CDEAA8D0036EEAA /* O3MeshImporter.mm in Sources */,
			);
			runOnlyForDeploymentPostprocessing = 0;
		};
/* End PBXSourcesBuildPhase section */

/* Begin PBXTargetDependency section */
		FC6F29B70CB028AA0081FA5D /* PBXTargetDependency */ = {
			isa = PBXTargetDependency;
			name = ObjC3D.framework;
			targetProxy = FC6F29B60CB028AA0081FA5D /* PBXContainerItemProxy */;
		};
/* End PBXTargetDependency section */

/* Begin PBXVariantGroup section */
		089C165FFE840EACC02AAC07 /* InfoPlist.strings */ = {
			isa = PBXVariantGroup;
			children = (
				089C1660FE840EACC02AAC07 /* English */,
			);
			name = InfoPlist.strings;
			sourceTree = "<group>";
		};
		2A37F4B4FDCFA73011CA2CEA /* MyDocument.nib */ = {
			isa = PBXVariantGroup;
			children = (
				2A37F4B5FDCFA73011CA2CEA /* English */,
			);
			name = MyDocument.nib;
			sourceTree = "<group>";
		};
		2A37F4B6FDCFA73011CA2CEA /* MainMenu.nib */ = {
			isa = PBXVariantGroup;
			children = (
				2A37F4B7FDCFA73011CA2CEA /* English */,
			);
			name = MainMenu.nib;
			sourceTree = "<group>";
		};
		2A37F4B9FDCFA73011CA2CEA /* Credits.rtf */ = {
			isa = PBXVariantGroup;
			children = (
				2A37F4BAFDCFA73011CA2CEA /* English */,
			);
			name = Credits.rtf;
			sourceTree = "<group>";
		};
		FC2A9CF70CDE4FEE0036EEAA /* ObjectEditor.nib */ = {
			isa = PBXVariantGroup;
			children = (
				FC2A9CF80CDE4FEE0036EEAA /* English */,
			);
			name = ObjectEditor.nib;
			sourceTree = "<group>";
		};
/* End PBXVariantGroup section */

/* Begin XCBuildConfiguration section */
		C05733C808A9546B00998B17 /* Debug */ = {
			isa = XCBuildConfiguration;
			buildSettings = {
				COPY_PHASE_STRIP = NO;
				FRAMEWORK_SEARCH_PATHS = (
					"$(inherited)",
					"\"$(SRCROOT)/../build/Release\"",
					"\"$(SRCROOT)/../build/Release_Intel+PPC\"",
					"\"$(SRCROOT)/../build\"",
				);
				GCC_DYNAMIC_NO_PIC = NO;
				GCC_ENABLE_FIX_AND_CONTINUE = YES;
				GCC_MODEL_TUNING = G5;
				GCC_OPTIMIZATION_LEVEL = 0;
				GCC_PRECOMPILE_PREFIX_HEADER = YES;
				GCC_PREFIX_HEADER = Galaxy_Prefix.pch;
				INFOPLIST_FILE = Info.plist;
				INSTALL_PATH = "$(HOME)/Applications";
				PRODUCT_NAME = Galaxy;
				WRAPPER_EXTENSION = app;
				ZERO_LINK = YES;
			};
			name = Debug;
		};
		C05733C908A9546B00998B17 /* Release */ = {
			isa = XCBuildConfiguration;
			buildSettings = {
				DEBUG_INFORMATION_FORMAT = "dwarf-with-dsym";
				FRAMEWORK_SEARCH_PATHS = (
					"$(inherited)",
					"\"$(SRCROOT)/../build/Release\"",
					"\"$(SRCROOT)/../build/Release_Intel+PPC\"",
					"\"$(SRCROOT)/../build\"",
				);
				GCC_MODEL_TUNING = G5;
				GCC_PRECOMPILE_PREFIX_HEADER = YES;
				GCC_PREFIX_HEADER = Galaxy_Prefix.pch;
				INFOPLIST_FILE = Info.plist;
				INSTALL_PATH = "$(HOME)/Applications";
				PRODUCT_NAME = Galaxy;
				WRAPPER_EXTENSION = app;
			};
			name = Release;
		};
		C05733CC08A9546B00998B17 /* Debug */ = {
			isa = XCBuildConfiguration;
			buildSettings = {
				GCC_WARN_ABOUT_RETURN_TYPE = YES;
				GCC_WARN_UNUSED_VARIABLE = YES;
				PREBINDING = NO;
				SDKROOT = "$(DEVELOPER_SDK_DIR)/MacOSX10.5.sdk";
			};
			name = Debug;
		};
		C05733CD08A9546B00998B17 /* Release */ = {
			isa = XCBuildConfiguration;
			buildSettings = {
				ARCHS = (
					ppc,
					i386,
				);
				GCC_WARN_ABOUT_RETURN_TYPE = YES;
				GCC_WARN_UNUSED_VARIABLE = YES;
				PREBINDING = NO;
				SDKROOT = "$(DEVELOPER_SDK_DIR)/MacOSX10.5.sdk";
			};
			name = Release;
		};
/* End XCBuildConfiguration section */

/* Begin XCConfigurationList section */
		C05733C708A9546B00998B17 /* Build configuration list for PBXNativeTarget "Galaxy" */ = {
			isa = XCConfigurationList;
			buildConfigurations = (
				C05733C808A9546B00998B17 /* Debug */,
				C05733C908A9546B00998B17 /* Release */,
			);
			defaultConfigurationIsVisible = 0;
			defaultConfigurationName = Release;
		};
		C05733CB08A9546B00998B17 /* Build configuration list for PBXProject "Galaxy" */ = {
			isa = XCConfigurationList;
			buildConfigurations = (
				C05733CC08A9546B00998B17 /* Debug */,
				C05733CD08A9546B00998B17 /* Release */,
			);
			defaultConfigurationIsVisible = 0;
			defaultConfigurationName = Release;
		};
/* End XCConfigurationList section */
	};
	rootObject = 2A37F4A9FDCFA73011CA2CEA /* Project object */;
}
