// !$*UTF8*$!
{
	archiveVersion = 1;
	classes = {
	};
	objectVersion = 44;
	objects = {

/* Begin PBXAggregateTarget section */
		FCA658F70D09C980005DCE68 /* Documentation */ = {
			isa = PBXAggregateTarget;
			buildConfigurationList = FCA658FB0D09C99E005DCE68 /* Build configuration list for PBXAggregateTarget "Documentation" */;
			buildPhases = (
				FCA658F60D09C980005DCE68 /* Doxygen */,
			);
			dependencies = (
			);
			name = Documentation;
			productName = Documentation;
		};
/* End PBXAggregateTarget section */

/* Begin PBXBuildFile section */
		8DC2EF530486A6940098B216 /* InfoPlist.strings in Resources */ = {isa = PBXBuildFile; fileRef = 089C1666FE841158C02AAC07 /* InfoPlist.strings */; };
		8DC2EF570486A6940098B216 /* Cocoa.framework in Frameworks */ = {isa = PBXBuildFile; fileRef = 1058C7B1FEA5585E11CA2CBB /* Cocoa.framework */; };
		FC4BD1760D091824004364B3 /* L4Filter.h in Headers */ = {isa = PBXBuildFile; fileRef = FC4BD16E0D091824004364B3 /* L4Filter.h */; settings = {ATTRIBUTES = (Public, ); }; };
		FC4BD1770D091824004364B3 /* L4Filter.m in Sources */ = {isa = PBXBuildFile; fileRef = FC4BD16F0D091824004364B3 /* L4Filter.m */; };
		FC4BD1780D091824004364B3 /* L4Layout.h in Headers */ = {isa = PBXBuildFile; fileRef = FC4BD1700D091824004364B3 /* L4Layout.h */; settings = {ATTRIBUTES = (Public, ); }; };
		FC4BD1790D091824004364B3 /* L4Layout.m in Sources */ = {isa = PBXBuildFile; fileRef = FC4BD1710D091824004364B3 /* L4Layout.m */; };
		FC4BD17A0D091824004364B3 /* L4PatternLayout.h in Headers */ = {isa = PBXBuildFile; fileRef = FC4BD1720D091824004364B3 /* L4PatternLayout.h */; settings = {ATTRIBUTES = (Public, ); }; };
		FC4BD17B0D091824004364B3 /* L4PatternLayout.m in Sources */ = {isa = PBXBuildFile; fileRef = FC4BD1730D091824004364B3 /* L4PatternLayout.m */; };
		FC4BD17C0D091824004364B3 /* L4SimpleLayout.h in Headers */ = {isa = PBXBuildFile; fileRef = FC4BD1740D091824004364B3 /* L4SimpleLayout.h */; settings = {ATTRIBUTES = (Public, ); }; };
		FC4BD17D0D091824004364B3 /* L4SimpleLayout.m in Sources */ = {isa = PBXBuildFile; fileRef = FC4BD1750D091824004364B3 /* L4SimpleLayout.m */; };
		FC4BD18D0D091853004364B3 /* L4AppenderAttachableImpl.h in Headers */ = {isa = PBXBuildFile; fileRef = FC4BD17E0D091853004364B3 /* L4AppenderAttachableImpl.h */; settings = {ATTRIBUTES = (Public, ); }; };
		FC4BD18E0D091853004364B3 /* L4AppenderAttachableImpl.m in Sources */ = {isa = PBXBuildFile; fileRef = FC4BD17F0D091853004364B3 /* L4AppenderAttachableImpl.m */; };
		FC4BD18F0D091853004364B3 /* L4AppenderProtocols.h in Headers */ = {isa = PBXBuildFile; fileRef = FC4BD1800D091853004364B3 /* L4AppenderProtocols.h */; settings = {ATTRIBUTES = (Public, ); }; };
		FC4BD1900D091853004364B3 /* L4AppenderSkeleton.h in Headers */ = {isa = PBXBuildFile; fileRef = FC4BD1810D091853004364B3 /* L4AppenderSkeleton.h */; settings = {ATTRIBUTES = (Public, ); }; };
		FC4BD1910D091853004364B3 /* L4AppenderSkeleton.m in Sources */ = {isa = PBXBuildFile; fileRef = FC4BD1820D091853004364B3 /* L4AppenderSkeleton.m */; };
		FC4BD1920D091853004364B3 /* L4ConsoleAppender.h in Headers */ = {isa = PBXBuildFile; fileRef = FC4BD1830D091853004364B3 /* L4ConsoleAppender.h */; settings = {ATTRIBUTES = (Public, ); }; };
		FC4BD1930D091853004364B3 /* L4ConsoleAppender.m in Sources */ = {isa = PBXBuildFile; fileRef = FC4BD1840D091853004364B3 /* L4ConsoleAppender.m */; };
		FC4BD1940D091853004364B3 /* L4DailyRollingFileAppender.h in Headers */ = {isa = PBXBuildFile; fileRef = FC4BD1850D091853004364B3 /* L4DailyRollingFileAppender.h */; settings = {ATTRIBUTES = (Public, ); }; };
		FC4BD1950D091853004364B3 /* L4DailyRollingFileAppender.m in Sources */ = {isa = PBXBuildFile; fileRef = FC4BD1860D091853004364B3 /* L4DailyRollingFileAppender.m */; };
		FC4BD1960D091853004364B3 /* L4FileAppender.h in Headers */ = {isa = PBXBuildFile; fileRef = FC4BD1870D091853004364B3 /* L4FileAppender.h */; settings = {ATTRIBUTES = (Public, ); }; };
		FC4BD1970D091853004364B3 /* L4FileAppender.m in Sources */ = {isa = PBXBuildFile; fileRef = FC4BD1880D091853004364B3 /* L4FileAppender.m */; };
		FC4BD1980D091853004364B3 /* L4RollingFileAppender.h in Headers */ = {isa = PBXBuildFile; fileRef = FC4BD1890D091853004364B3 /* L4RollingFileAppender.h */; settings = {ATTRIBUTES = (Public, ); }; };
		FC4BD1990D091853004364B3 /* L4RollingFileAppender.m in Sources */ = {isa = PBXBuildFile; fileRef = FC4BD18A0D091853004364B3 /* L4RollingFileAppender.m */; };
		FC4BD19A0D091853004364B3 /* L4WriterAppender.h in Headers */ = {isa = PBXBuildFile; fileRef = FC4BD18B0D091853004364B3 /* L4WriterAppender.h */; settings = {ATTRIBUTES = (Public, ); }; };
		FC4BD19B0D091853004364B3 /* L4WriterAppender.m in Sources */ = {isa = PBXBuildFile; fileRef = FC4BD18C0D091853004364B3 /* L4WriterAppender.m */; };
		FC4BD1BF0D0918A3004364B3 /* L4Level.h in Headers */ = {isa = PBXBuildFile; fileRef = FC4BD1AA0D0918A3004364B3 /* L4Level.h */; settings = {ATTRIBUTES = (Public, ); }; };
		FC4BD1C00D0918A3004364B3 /* L4Level.m in Sources */ = {isa = PBXBuildFile; fileRef = FC4BD1AB0D0918A3004364B3 /* L4Level.m */; };
		FC4BD1C10D0918A3004364B3 /* L4Logger.h in Headers */ = {isa = PBXBuildFile; fileRef = FC4BD1AC0D0918A3004364B3 /* L4Logger.h */; settings = {ATTRIBUTES = (Public, ); }; };
		FC4BD1C20D0918A3004364B3 /* L4Logger.m in Sources */ = {isa = PBXBuildFile; fileRef = FC4BD1AD0D0918A3004364B3 /* L4Logger.m */; };
		FC4BD1C30D0918A3004364B3 /* L4LoggerProtocols.h in Headers */ = {isa = PBXBuildFile; fileRef = FC4BD1AE0D0918A3004364B3 /* L4LoggerProtocols.h */; settings = {ATTRIBUTES = (Public, ); }; };
		FC4BD1C40D0918A3004364B3 /* L4LoggerStore.h in Headers */ = {isa = PBXBuildFile; fileRef = FC4BD1AF0D0918A3004364B3 /* L4LoggerStore.h */; settings = {ATTRIBUTES = (Public, ); }; };
		FC4BD1C50D0918A3004364B3 /* L4LoggerStore.m in Sources */ = {isa = PBXBuildFile; fileRef = FC4BD1B00D0918A3004364B3 /* L4LoggerStore.m */; };
		FC4BD1C60D0918A3004364B3 /* L4LoggingEvent.h in Headers */ = {isa = PBXBuildFile; fileRef = FC4BD1B10D0918A3004364B3 /* L4LoggingEvent.h */; settings = {ATTRIBUTES = (Public, ); }; };
		FC4BD1C70D0918A3004364B3 /* L4LoggingEvent.m in Sources */ = {isa = PBXBuildFile; fileRef = FC4BD1B20D0918A3004364B3 /* L4LoggingEvent.m */; };
		FC4BD1C80D0918A3004364B3 /* L4LogLog.h in Headers */ = {isa = PBXBuildFile; fileRef = FC4BD1B30D0918A3004364B3 /* L4LogLog.h */; settings = {ATTRIBUTES = (Public, ); }; };
		FC4BD1C90D0918A3004364B3 /* L4LogLog.m in Sources */ = {isa = PBXBuildFile; fileRef = FC4BD1B40D0918A3004364B3 /* L4LogLog.m */; };
		FC4BD1CA0D0918A3004364B3 /* L4LogManager.h in Headers */ = {isa = PBXBuildFile; fileRef = FC4BD1B50D0918A3004364B3 /* L4LogManager.h */; settings = {ATTRIBUTES = (Public, ); }; };
		FC4BD1CB0D0918A3004364B3 /* L4LogManager.m in Sources */ = {isa = PBXBuildFile; fileRef = FC4BD1B60D0918A3004364B3 /* L4LogManager.m */; };
		FC4BD1CE0D0918A3004364B3 /* L4RootLogger.h in Headers */ = {isa = PBXBuildFile; fileRef = FC4BD1B90D0918A3004364B3 /* L4RootLogger.h */; settings = {ATTRIBUTES = (Public, ); }; };
		FC4BD1CF0D0918A3004364B3 /* L4RootLogger.m in Sources */ = {isa = PBXBuildFile; fileRef = FC4BD1BA0D0918A3004364B3 /* L4RootLogger.m */; };
		FC4BD1D50D0918BF004364B3 /* Log4Cocoa.h in Headers */ = {isa = PBXBuildFile; fileRef = FC4BD1D40D0918BF004364B3 /* Log4Cocoa.h */; settings = {ATTRIBUTES = (Public, ); }; };
		FCA658260D09BD59005DCE68 /* COPYRIGHT.txt in Resources */ = {isa = PBXBuildFile; fileRef = FCA658250D09BD59005DCE68 /* COPYRIGHT.txt */; };
		FCA6590B0D09CC36005DCE68 /* NSObject+Log4Cocoa.h in Headers */ = {isa = PBXBuildFile; fileRef = FCA659090D09CC36005DCE68 /* NSObject+Log4Cocoa.h */; settings = {ATTRIBUTES = (Public, ); }; };
		FCA6590C0D09CC36005DCE68 /* NSObject+Log4Cocoa.m in Sources */ = {isa = PBXBuildFile; fileRef = FCA6590A0D09CC36005DCE68 /* NSObject+Log4Cocoa.m */; };
		FCBBA99E0D57FB9D0070C3BC /* L4PropertyConfigurator.h in Headers */ = {isa = PBXBuildFile; fileRef = FCBBA99C0D57FB9D0070C3BC /* L4PropertyConfigurator.h */; settings = {ATTRIBUTES = (Public, ); }; };
		FCBBA99F0D57FB9D0070C3BC /* L4PropertyConfigurator.m in Sources */ = {isa = PBXBuildFile; fileRef = FCBBA99D0D57FB9D0070C3BC /* L4PropertyConfigurator.m */; };
		FCBBA9AA0D57FCB50070C3BC /* L4FactoryManager.h in Headers */ = {isa = PBXBuildFile; fileRef = FCBBA9A60D57FCB50070C3BC /* L4FactoryManager.h */; settings = {ATTRIBUTES = (Public, ); }; };
		FCBBA9AB0D57FCB50070C3BC /* L4FactoryManager.m in Sources */ = {isa = PBXBuildFile; fileRef = FCBBA9A70D57FCB50070C3BC /* L4FactoryManager.m */; };
		FCBBA9AC0D57FCB50070C3BC /* L4Properties.h in Headers */ = {isa = PBXBuildFile; fileRef = FCBBA9A80D57FCB50070C3BC /* L4Properties.h */; settings = {ATTRIBUTES = (Public, ); }; };
		FCBBA9AD0D57FCB50070C3BC /* L4Properties.m in Sources */ = {isa = PBXBuildFile; fileRef = FCBBA9A90D57FCB50070C3BC /* L4Properties.m */; };
		FCBBA9B60D57FE5B0070C3BC /* L4BasicConfigurator.h in Headers */ = {isa = PBXBuildFile; fileRef = FCBBA9B10D57FE5B0070C3BC /* L4BasicConfigurator.h */; settings = {ATTRIBUTES = (Public, ); }; };
		FCBBA9B70D57FE5B0070C3BC /* L4BasicConfigurator.m in Sources */ = {isa = PBXBuildFile; fileRef = FCBBA9B20D57FE5B0070C3BC /* L4BasicConfigurator.m */; };
		FCBBA9B80D57FE5B0070C3BC /* L4Factory.h in Headers */ = {isa = PBXBuildFile; fileRef = FCBBA9B30D57FE5B0070C3BC /* L4Factory.h */; settings = {ATTRIBUTES = (Public, ); }; };
		FCBBA9B90D57FE5B0070C3BC /* L4Factory.m in Sources */ = {isa = PBXBuildFile; fileRef = FCBBA9B40D57FE5B0070C3BC /* L4Factory.m */; };
		FCBBA9BA0D57FE5B0070C3BC /* L4FactoryProtocols.h in Headers */ = {isa = PBXBuildFile; fileRef = FCBBA9B50D57FE5B0070C3BC /* L4FactoryProtocols.h */; settings = {ATTRIBUTES = (Public, ); }; };
		FCDD036E0D0B0CC1001F0B89 /* Doxyfile in Resources */ = {isa = PBXBuildFile; fileRef = FCDD036D0D0B0CC1001F0B89 /* Doxyfile */; };
		FCFE06FB0D0F9CD00042188B /* Log4Cocoa.framework in Frameworks */ = {isa = PBXBuildFile; fileRef = 8DC2EF5B0486A6940098B216 /* Log4Cocoa.framework */; };
		FCFE070F0D0F9F240042188B /* TestMultipulArguments.m in Sources */ = {isa = PBXBuildFile; fileRef = FCFE06FE0D0F9D0C0042188B /* TestMultipulArguments.m */; };
/* End PBXBuildFile section */

/* Begin PBXContainerItemProxy section */
		FCFE06F70D0F9CAC0042188B /* PBXContainerItemProxy */ = {
			isa = PBXContainerItemProxy;
			containerPortal = 0867D690FE84028FC02AAC07 /* Project object */;
			proxyType = 1;
			remoteGlobalIDString = 8DC2EF4F0486A6940098B216;
			remoteInfo = Log4Cocoa;
		};
/* End PBXContainerItemProxy section */

/* Begin PBXFileReference section */
		0867D69BFE84028FC02AAC07 /* Foundation.framework */ = {isa = PBXFileReference; lastKnownFileType = wrapper.framework; name = Foundation.framework; path = /System/Library/Frameworks/Foundation.framework; sourceTree = "<absolute>"; };
		0867D6A5FE840307C02AAC07 /* AppKit.framework */ = {isa = PBXFileReference; lastKnownFileType = wrapper.framework; name = AppKit.framework; path = /System/Library/Frameworks/AppKit.framework; sourceTree = "<absolute>"; };
		089C1667FE841158C02AAC07 /* English */ = {isa = PBXFileReference; fileEncoding = 10; lastKnownFileType = text.plist.strings; name = English; path = English.lproj/InfoPlist.strings; sourceTree = "<group>"; };
		1058C7B1FEA5585E11CA2CBB /* Cocoa.framework */ = {isa = PBXFileReference; lastKnownFileType = wrapper.framework; name = Cocoa.framework; path = /System/Library/Frameworks/Cocoa.framework; sourceTree = "<absolute>"; };
		32DBCF5E0370ADEE00C91783 /* Log4Cocoa_Prefix.pch */ = {isa = PBXFileReference; fileEncoding = 4; lastKnownFileType = sourcecode.c.h; path = Log4Cocoa_Prefix.pch; sourceTree = "<group>"; };
		8DC2EF5A0486A6940098B216 /* Info.plist */ = {isa = PBXFileReference; fileEncoding = 4; lastKnownFileType = text.plist.xml; path = Info.plist; sourceTree = "<group>"; };
		8DC2EF5B0486A6940098B216 /* Log4Cocoa.framework */ = {isa = PBXFileReference; explicitFileType = wrapper.framework; includeInIndex = 0; path = Log4Cocoa.framework; sourceTree = BUILT_PRODUCTS_DIR; };
		D2F7E79907B2D74100F64583 /* CoreData.framework */ = {isa = PBXFileReference; lastKnownFileType = wrapper.framework; name = CoreData.framework; path = /System/Library/Frameworks/CoreData.framework; sourceTree = "<absolute>"; };
		FC4BD16E0D091824004364B3 /* L4Filter.h */ = {isa = PBXFileReference; fileEncoding = 4; lastKnownFileType = sourcecode.c.h; path = L4Filter.h; sourceTree = "<group>"; };
		FC4BD16F0D091824004364B3 /* L4Filter.m */ = {isa = PBXFileReference; fileEncoding = 4; lastKnownFileType = sourcecode.c.objc; path = L4Filter.m; sourceTree = "<group>"; };
		FC4BD1700D091824004364B3 /* L4Layout.h */ = {isa = PBXFileReference; fileEncoding = 4; lastKnownFileType = sourcecode.c.h; path = L4Layout.h; sourceTree = "<group>"; };
		FC4BD1710D091824004364B3 /* L4Layout.m */ = {isa = PBXFileReference; fileEncoding = 4; lastKnownFileType = sourcecode.c.objc; path = L4Layout.m; sourceTree = "<group>"; };
		FC4BD1720D091824004364B3 /* L4PatternLayout.h */ = {isa = PBXFileReference; fileEncoding = 4; lastKnownFileType = sourcecode.c.h; path = L4PatternLayout.h; sourceTree = "<group>"; };
		FC4BD1730D091824004364B3 /* L4PatternLayout.m */ = {isa = PBXFileReference; fileEncoding = 4; lastKnownFileType = sourcecode.c.objc; path = L4PatternLayout.m; sourceTree = "<group>"; };
		FC4BD1740D091824004364B3 /* L4SimpleLayout.h */ = {isa = PBXFileReference; fileEncoding = 4; lastKnownFileType = sourcecode.c.h; path = L4SimpleLayout.h; sourceTree = "<group>"; };
		FC4BD1750D091824004364B3 /* L4SimpleLayout.m */ = {isa = PBXFileReference; fileEncoding = 4; lastKnownFileType = sourcecode.c.objc; path = L4SimpleLayout.m; sourceTree = "<group>"; };
		FC4BD17E0D091853004364B3 /* L4AppenderAttachableImpl.h */ = {isa = PBXFileReference; fileEncoding = 4; lastKnownFileType = sourcecode.c.h; path = L4AppenderAttachableImpl.h; sourceTree = "<group>"; };
		FC4BD17F0D091853004364B3 /* L4AppenderAttachableImpl.m */ = {isa = PBXFileReference; fileEncoding = 4; lastKnownFileType = sourcecode.c.objc; path = L4AppenderAttachableImpl.m; sourceTree = "<group>"; };
		FC4BD1800D091853004364B3 /* L4AppenderProtocols.h */ = {isa = PBXFileReference; fileEncoding = 4; lastKnownFileType = sourcecode.c.h; path = L4AppenderProtocols.h; sourceTree = "<group>"; };
		FC4BD1810D091853004364B3 /* L4AppenderSkeleton.h */ = {isa = PBXFileReference; fileEncoding = 4; lastKnownFileType = sourcecode.c.h; path = L4AppenderSkeleton.h; sourceTree = "<group>"; };
		FC4BD1820D091853004364B3 /* L4AppenderSkeleton.m */ = {isa = PBXFileReference; fileEncoding = 4; lastKnownFileType = sourcecode.c.objc; path = L4AppenderSkeleton.m; sourceTree = "<group>"; };
		FC4BD1830D091853004364B3 /* L4ConsoleAppender.h */ = {isa = PBXFileReference; fileEncoding = 4; lastKnownFileType = sourcecode.c.h; path = L4ConsoleAppender.h; sourceTree = "<group>"; };
		FC4BD1840D091853004364B3 /* L4ConsoleAppender.m */ = {isa = PBXFileReference; fileEncoding = 4; lastKnownFileType = sourcecode.c.objc; path = L4ConsoleAppender.m; sourceTree = "<group>"; };
		FC4BD1850D091853004364B3 /* L4DailyRollingFileAppender.h */ = {isa = PBXFileReference; fileEncoding = 4; lastKnownFileType = sourcecode.c.h; path = L4DailyRollingFileAppender.h; sourceTree = "<group>"; };
		FC4BD1860D091853004364B3 /* L4DailyRollingFileAppender.m */ = {isa = PBXFileReference; fileEncoding = 4; lastKnownFileType = sourcecode.c.objc; path = L4DailyRollingFileAppender.m; sourceTree = "<group>"; };
		FC4BD1870D091853004364B3 /* L4FileAppender.h */ = {isa = PBXFileReference; fileEncoding = 4; lastKnownFileType = sourcecode.c.h; path = L4FileAppender.h; sourceTree = "<group>"; };
		FC4BD1880D091853004364B3 /* L4FileAppender.m */ = {isa = PBXFileReference; fileEncoding = 4; lastKnownFileType = sourcecode.c.objc; path = L4FileAppender.m; sourceTree = "<group>"; };
		FC4BD1890D091853004364B3 /* L4RollingFileAppender.h */ = {isa = PBXFileReference; fileEncoding = 4; lastKnownFileType = sourcecode.c.h; path = L4RollingFileAppender.h; sourceTree = "<group>"; };
		FC4BD18A0D091853004364B3 /* L4RollingFileAppender.m */ = {isa = PBXFileReference; fileEncoding = 4; lastKnownFileType = sourcecode.c.objc; path = L4RollingFileAppender.m; sourceTree = "<group>"; };
		FC4BD18B0D091853004364B3 /* L4WriterAppender.h */ = {isa = PBXFileReference; fileEncoding = 4; lastKnownFileType = sourcecode.c.h; path = L4WriterAppender.h; sourceTree = "<group>"; };
		FC4BD18C0D091853004364B3 /* L4WriterAppender.m */ = {isa = PBXFileReference; fileEncoding = 4; lastKnownFileType = sourcecode.c.objc; path = L4WriterAppender.m; sourceTree = "<group>"; };
		FC4BD1AA0D0918A3004364B3 /* L4Level.h */ = {isa = PBXFileReference; fileEncoding = 4; lastKnownFileType = sourcecode.c.h; path = L4Level.h; sourceTree = "<group>"; };
		FC4BD1AB0D0918A3004364B3 /* L4Level.m */ = {isa = PBXFileReference; fileEncoding = 4; lastKnownFileType = sourcecode.c.objc; path = L4Level.m; sourceTree = "<group>"; };
		FC4BD1AC0D0918A3004364B3 /* L4Logger.h */ = {isa = PBXFileReference; fileEncoding = 4; lastKnownFileType = sourcecode.c.h; path = L4Logger.h; sourceTree = "<group>"; };
		FC4BD1AD0D0918A3004364B3 /* L4Logger.m */ = {isa = PBXFileReference; fileEncoding = 4; lastKnownFileType = sourcecode.c.objc; path = L4Logger.m; sourceTree = "<group>"; };
		FC4BD1AE0D0918A3004364B3 /* L4LoggerProtocols.h */ = {isa = PBXFileReference; fileEncoding = 4; lastKnownFileType = sourcecode.c.h; path = L4LoggerProtocols.h; sourceTree = "<group>"; };
		FC4BD1AF0D0918A3004364B3 /* L4LoggerStore.h */ = {isa = PBXFileReference; fileEncoding = 4; lastKnownFileType = sourcecode.c.h; path = L4LoggerStore.h; sourceTree = "<group>"; };
		FC4BD1B00D0918A3004364B3 /* L4LoggerStore.m */ = {isa = PBXFileReference; fileEncoding = 4; lastKnownFileType = sourcecode.c.objc; path = L4LoggerStore.m; sourceTree = "<group>"; };
		FC4BD1B10D0918A3004364B3 /* L4LoggingEvent.h */ = {isa = PBXFileReference; fileEncoding = 4; lastKnownFileType = sourcecode.c.h; path = L4LoggingEvent.h; sourceTree = "<group>"; };
		FC4BD1B20D0918A3004364B3 /* L4LoggingEvent.m */ = {isa = PBXFileReference; fileEncoding = 4; lastKnownFileType = sourcecode.c.objc; path = L4LoggingEvent.m; sourceTree = "<group>"; };
		FC4BD1B30D0918A3004364B3 /* L4LogLog.h */ = {isa = PBXFileReference; fileEncoding = 4; lastKnownFileType = sourcecode.c.h; path = L4LogLog.h; sourceTree = "<group>"; };
		FC4BD1B40D0918A3004364B3 /* L4LogLog.m */ = {isa = PBXFileReference; fileEncoding = 4; lastKnownFileType = sourcecode.c.objc; path = L4LogLog.m; sourceTree = "<group>"; };
		FC4BD1B50D0918A3004364B3 /* L4LogManager.h */ = {isa = PBXFileReference; fileEncoding = 4; lastKnownFileType = sourcecode.c.h; path = L4LogManager.h; sourceTree = "<group>"; };
		FC4BD1B60D0918A3004364B3 /* L4LogManager.m */ = {isa = PBXFileReference; fileEncoding = 4; lastKnownFileType = sourcecode.c.objc; path = L4LogManager.m; sourceTree = "<group>"; };
		FC4BD1B90D0918A3004364B3 /* L4RootLogger.h */ = {isa = PBXFileReference; fileEncoding = 4; lastKnownFileType = sourcecode.c.h; path = L4RootLogger.h; sourceTree = "<group>"; };
		FC4BD1BA0D0918A3004364B3 /* L4RootLogger.m */ = {isa = PBXFileReference; fileEncoding = 4; lastKnownFileType = sourcecode.c.objc; path = L4RootLogger.m; sourceTree = "<group>"; };
		FC4BD1D40D0918BF004364B3 /* Log4Cocoa.h */ = {isa = PBXFileReference; fileEncoding = 4; lastKnownFileType = sourcecode.c.h; name = Log4Cocoa.h; path = source/Log4Cocoa.h; sourceTree = "<group>"; };
		FCA658250D09BD59005DCE68 /* COPYRIGHT.txt */ = {isa = PBXFileReference; fileEncoding = 4; lastKnownFileType = text; path = COPYRIGHT.txt; sourceTree = "<group>"; };
		FCA659090D09CC36005DCE68 /* NSObject+Log4Cocoa.h */ = {isa = PBXFileReference; fileEncoding = 4; lastKnownFileType = sourcecode.c.h; path = "NSObject+Log4Cocoa.h"; sourceTree = "<group>"; };
		FCA6590A0D09CC36005DCE68 /* NSObject+Log4Cocoa.m */ = {isa = PBXFileReference; fileEncoding = 4; lastKnownFileType = sourcecode.c.objc; path = "NSObject+Log4Cocoa.m"; sourceTree = "<group>"; };
		FCBBA99C0D57FB9D0070C3BC /* L4PropertyConfigurator.h */ = {isa = PBXFileReference; fileEncoding = 4; lastKnownFileType = sourcecode.c.h; path = L4PropertyConfigurator.h; sourceTree = "<group>"; };
		FCBBA99D0D57FB9D0070C3BC /* L4PropertyConfigurator.m */ = {isa = PBXFileReference; fileEncoding = 4; lastKnownFileType = sourcecode.c.objc; path = L4PropertyConfigurator.m; sourceTree = "<group>"; };
		FCBBA9A60D57FCB50070C3BC /* L4FactoryManager.h */ = {isa = PBXFileReference; fileEncoding = 4; lastKnownFileType = sourcecode.c.h; path = L4FactoryManager.h; sourceTree = "<group>"; };
		FCBBA9A70D57FCB50070C3BC /* L4FactoryManager.m */ = {isa = PBXFileReference; fileEncoding = 4; lastKnownFileType = sourcecode.c.objc; path = L4FactoryManager.m; sourceTree = "<group>"; };
		FCBBA9A80D57FCB50070C3BC /* L4Properties.h */ = {isa = PBXFileReference; fileEncoding = 4; lastKnownFileType = sourcecode.c.h; path = L4Properties.h; sourceTree = "<group>"; };
		FCBBA9A90D57FCB50070C3BC /* L4Properties.m */ = {isa = PBXFileReference; fileEncoding = 4; lastKnownFileType = sourcecode.c.objc; path = L4Properties.m; sourceTree = "<group>"; };
		FCBBA9B10D57FE5B0070C3BC /* L4BasicConfigurator.h */ = {isa = PBXFileReference; fileEncoding = 4; lastKnownFileType = sourcecode.c.h; path = L4BasicConfigurator.h; sourceTree = "<group>"; };
		FCBBA9B20D57FE5B0070C3BC /* L4BasicConfigurator.m */ = {isa = PBXFileReference; fileEncoding = 4; lastKnownFileType = sourcecode.c.objc; path = L4BasicConfigurator.m; sourceTree = "<group>"; };
		FCBBA9B30D57FE5B0070C3BC /* L4Factory.h */ = {isa = PBXFileReference; fileEncoding = 4; lastKnownFileType = sourcecode.c.h; path = L4Factory.h; sourceTree = "<group>"; };
		FCBBA9B40D57FE5B0070C3BC /* L4Factory.m */ = {isa = PBXFileReference; fileEncoding = 4; lastKnownFileType = sourcecode.c.objc; path = L4Factory.m; sourceTree = "<group>"; };
		FCBBA9B50D57FE5B0070C3BC /* L4FactoryProtocols.h */ = {isa = PBXFileReference; fileEncoding = 4; lastKnownFileType = sourcecode.c.h; path = L4FactoryProtocols.h; sourceTree = "<group>"; };
		FCDD036D0D0B0CC1001F0B89 /* Doxyfile */ = {isa = PBXFileReference; fileEncoding = 4; lastKnownFileType = text; name = Doxyfile; path = doc/Doxyfile; sourceTree = "<group>"; };
		FCFE06E80D0F9C850042188B /* Tests.octest */ = {isa = PBXFileReference; explicitFileType = wrapper.cfbundle; includeInIndex = 0; path = Tests.octest; sourceTree = BUILT_PRODUCTS_DIR; };
		FCFE06E90D0F9C850042188B /* Tests-Info.plist */ = {isa = PBXFileReference; lastKnownFileType = text.plist.xml; path = "Tests-Info.plist"; sourceTree = "<group>"; };
		FCFE06FD0D0F9D0C0042188B /* TestMultipulArguments.h */ = {isa = PBXFileReference; fileEncoding = 4; lastKnownFileType = sourcecode.c.h; path = TestMultipulArguments.h; sourceTree = "<group>"; };
		FCFE06FE0D0F9D0C0042188B /* TestMultipulArguments.m */ = {isa = PBXFileReference; fileEncoding = 4; lastKnownFileType = sourcecode.c.objc; path = TestMultipulArguments.m; sourceTree = "<group>"; };
/* End PBXFileReference section */

/* Begin PBXFrameworksBuildPhase section */
		8DC2EF560486A6940098B216 /* Frameworks */ = {
			isa = PBXFrameworksBuildPhase;
			buildActionMask = 2147483647;
			files = (
				8DC2EF570486A6940098B216 /* Cocoa.framework in Frameworks */,
			);
			runOnlyForDeploymentPostprocessing = 0;
		};
		FCFE06E50D0F9C850042188B /* Frameworks */ = {
			isa = PBXFrameworksBuildPhase;
			buildActionMask = 2147483647;
			files = (
				FCFE06FB0D0F9CD00042188B /* Log4Cocoa.framework in Frameworks */,
			);
			runOnlyForDeploymentPostprocessing = 0;
		};
/* End PBXFrameworksBuildPhase section */

/* Begin PBXGroup section */
		034768DFFF38A50411DB9C8B /* Products */ = {
			isa = PBXGroup;
			children = (
				8DC2EF5B0486A6940098B216 /* Log4Cocoa.framework */,
				FCFE06E80D0F9C850042188B /* Tests.octest */,
			);
			name = Products;
			sourceTree = "<group>";
		};
		0867D691FE84028FC02AAC07 /* Log4Cocoa */ = {
			isa = PBXGroup;
			children = (
				08FB77AEFE84172EC02AAC07 /* source */,
				FC4BD16A0D09178F004364B3 /* Tests */,
				32C88DFF0371C24200C91783 /* Other Sources */,
				089C1665FE841158C02AAC07 /* Resources */,
				0867D69AFE84028FC02AAC07 /* External Frameworks and Libraries */,
				034768DFFF38A50411DB9C8B /* Products */,
				FCFE06E90D0F9C850042188B /* Tests-Info.plist */,
			);
			name = Log4Cocoa;
			sourceTree = "<group>";
		};
		0867D69AFE84028FC02AAC07 /* External Frameworks and Libraries */ = {
			isa = PBXGroup;
			children = (
				1058C7B0FEA5585E11CA2CBB /* Linked Frameworks */,
				1058C7B2FEA5585E11CA2CBB /* Other Frameworks */,
			);
			name = "External Frameworks and Libraries";
			sourceTree = "<group>";
		};
		089C1665FE841158C02AAC07 /* Resources */ = {
			isa = PBXGroup;
			children = (
				FCDD036D0D0B0CC1001F0B89 /* Doxyfile */,
				FCA658250D09BD59005DCE68 /* COPYRIGHT.txt */,
				8DC2EF5A0486A6940098B216 /* Info.plist */,
				089C1666FE841158C02AAC07 /* InfoPlist.strings */,
			);
			name = Resources;
			sourceTree = "<group>";
		};
		08FB77AEFE84172EC02AAC07 /* source */ = {
			isa = PBXGroup;
			children = (
				FCBBA9A50D57FC970070C3BC /* Configuration */,
				FCA659090D09CC36005DCE68 /* NSObject+Log4Cocoa.h */,
				FCA6590A0D09CC36005DCE68 /* NSObject+Log4Cocoa.m */,
				FC4BD1680D09177A004364B3 /* Appending */,
				FC4BD1690D091786004364B3 /* Layouts & Filers */,
				FC4BD1650D091773004364B3 /* Logging */,
			);
			path = source;
			sourceTree = "<group>";
		};
		1058C7B0FEA5585E11CA2CBB /* Linked Frameworks */ = {
			isa = PBXGroup;
			children = (
				1058C7B1FEA5585E11CA2CBB /* Cocoa.framework */,
			);
			name = "Linked Frameworks";
			sourceTree = "<group>";
		};
		1058C7B2FEA5585E11CA2CBB /* Other Frameworks */ = {
			isa = PBXGroup;
			children = (
				0867D6A5FE840307C02AAC07 /* AppKit.framework */,
				D2F7E79907B2D74100F64583 /* CoreData.framework */,
				0867D69BFE84028FC02AAC07 /* Foundation.framework */,
			);
			name = "Other Frameworks";
			sourceTree = "<group>";
		};
		32C88DFF0371C24200C91783 /* Other Sources */ = {
			isa = PBXGroup;
			children = (
				FC4BD1D40D0918BF004364B3 /* Log4Cocoa.h */,
				32DBCF5E0370ADEE00C91783 /* Log4Cocoa_Prefix.pch */,
			);
			name = "Other Sources";
			sourceTree = "<group>";
		};
		FC4BD1650D091773004364B3 /* Logging */ = {
			isa = PBXGroup;
			children = (
				FC4BD1AA0D0918A3004364B3 /* L4Level.h */,
				FC4BD1AB0D0918A3004364B3 /* L4Level.m */,
				FC4BD1AC0D0918A3004364B3 /* L4Logger.h */,
				FC4BD1AD0D0918A3004364B3 /* L4Logger.m */,
				FC4BD1AE0D0918A3004364B3 /* L4LoggerProtocols.h */,
				FC4BD1AF0D0918A3004364B3 /* L4LoggerStore.h */,
				FC4BD1B00D0918A3004364B3 /* L4LoggerStore.m */,
				FC4BD1B10D0918A3004364B3 /* L4LoggingEvent.h */,
				FC4BD1B20D0918A3004364B3 /* L4LoggingEvent.m */,
				FC4BD1B30D0918A3004364B3 /* L4LogLog.h */,
				FC4BD1B40D0918A3004364B3 /* L4LogLog.m */,
				FC4BD1B50D0918A3004364B3 /* L4LogManager.h */,
				FC4BD1B60D0918A3004364B3 /* L4LogManager.m */,
				FC4BD1B90D0918A3004364B3 /* L4RootLogger.h */,
				FC4BD1BA0D0918A3004364B3 /* L4RootLogger.m */,
			);
			name = Logging;
			sourceTree = "<group>";
		};
		FC4BD1680D09177A004364B3 /* Appending */ = {
			isa = PBXGroup;
			children = (
				FC4BD17E0D091853004364B3 /* L4AppenderAttachableImpl.h */,
				FC4BD17F0D091853004364B3 /* L4AppenderAttachableImpl.m */,
				FC4BD1800D091853004364B3 /* L4AppenderProtocols.h */,
				FC4BD1810D091853004364B3 /* L4AppenderSkeleton.h */,
				FC4BD1820D091853004364B3 /* L4AppenderSkeleton.m */,
				FC4BD1830D091853004364B3 /* L4ConsoleAppender.h */,
				FC4BD1840D091853004364B3 /* L4ConsoleAppender.m */,
				FC4BD1850D091853004364B3 /* L4DailyRollingFileAppender.h */,
				FC4BD1860D091853004364B3 /* L4DailyRollingFileAppender.m */,
				FC4BD1870D091853004364B3 /* L4FileAppender.h */,
				FC4BD1880D091853004364B3 /* L4FileAppender.m */,
				FC4BD1890D091853004364B3 /* L4RollingFileAppender.h */,
				FC4BD18A0D091853004364B3 /* L4RollingFileAppender.m */,
				FC4BD18B0D091853004364B3 /* L4WriterAppender.h */,
				FC4BD18C0D091853004364B3 /* L4WriterAppender.m */,
			);
			name = Appending;
			sourceTree = "<group>";
		};
		FC4BD1690D091786004364B3 /* Layouts & Filers */ = {
			isa = PBXGroup;
			children = (
				FC4BD16E0D091824004364B3 /* L4Filter.h */,
				FC4BD16F0D091824004364B3 /* L4Filter.m */,
				FC4BD1700D091824004364B3 /* L4Layout.h */,
				FC4BD1710D091824004364B3 /* L4Layout.m */,
				FC4BD1720D091824004364B3 /* L4PatternLayout.h */,
				FC4BD1730D091824004364B3 /* L4PatternLayout.m */,
				FC4BD1740D091824004364B3 /* L4SimpleLayout.h */,
				FC4BD1750D091824004364B3 /* L4SimpleLayout.m */,
			);
			name = "Layouts & Filers";
			sourceTree = "<group>";
		};
		FC4BD16A0D09178F004364B3 /* Tests */ = {
			isa = PBXGroup;
			children = (
				FCFE06FD0D0F9D0C0042188B /* TestMultipulArguments.h */,
				FCFE06FE0D0F9D0C0042188B /* TestMultipulArguments.m */,
			);
			name = Tests;
			path = source/Tests;
			sourceTree = "<group>";
		};
		FCBBA9A50D57FC970070C3BC /* Configuration */ = {
			isa = PBXGroup;
			children = (
				FCBBA9B10D57FE5B0070C3BC /* L4BasicConfigurator.h */,
				FCBBA9B20D57FE5B0070C3BC /* L4BasicConfigurator.m */,
				FCBBA9B30D57FE5B0070C3BC /* L4Factory.h */,
				FCBBA9B40D57FE5B0070C3BC /* L4Factory.m */,
				FCBBA9B50D57FE5B0070C3BC /* L4FactoryProtocols.h */,
				FCBBA9A60D57FCB50070C3BC /* L4FactoryManager.h */,
				FCBBA9A70D57FCB50070C3BC /* L4FactoryManager.m */,
				FCBBA9A80D57FCB50070C3BC /* L4Properties.h */,
				FCBBA9A90D57FCB50070C3BC /* L4Properties.m */,
				FCBBA99C0D57FB9D0070C3BC /* L4PropertyConfigurator.h */,
				FCBBA99D0D57FB9D0070C3BC /* L4PropertyConfigurator.m */,
			);
			name = Configuration;
			sourceTree = "<group>";
		};
/* End PBXGroup section */

/* Begin PBXHeadersBuildPhase section */
		8DC2EF500486A6940098B216 /* Headers */ = {
			isa = PBXHeadersBuildPhase;
			buildActionMask = 2147483647;
			files = (
				FC4BD1760D091824004364B3 /* L4Filter.h in Headers */,
				FC4BD1780D091824004364B3 /* L4Layout.h in Headers */,
				FC4BD17A0D091824004364B3 /* L4PatternLayout.h in Headers */,
				FC4BD17C0D091824004364B3 /* L4SimpleLayout.h in Headers */,
				FC4BD18D0D091853004364B3 /* L4AppenderAttachableImpl.h in Headers */,
				FC4BD18F0D091853004364B3 /* L4AppenderProtocols.h in Headers */,
				FC4BD1900D091853004364B3 /* L4AppenderSkeleton.h in Headers */,
				FC4BD1920D091853004364B3 /* L4ConsoleAppender.h in Headers */,
				FC4BD1940D091853004364B3 /* L4DailyRollingFileAppender.h in Headers */,
				FC4BD1960D091853004364B3 /* L4FileAppender.h in Headers */,
				FC4BD1980D091853004364B3 /* L4RollingFileAppender.h in Headers */,
				FC4BD19A0D091853004364B3 /* L4WriterAppender.h in Headers */,
				FC4BD1BF0D0918A3004364B3 /* L4Level.h in Headers */,
				FC4BD1C10D0918A3004364B3 /* L4Logger.h in Headers */,
				FC4BD1C30D0918A3004364B3 /* L4LoggerProtocols.h in Headers */,
				FC4BD1C40D0918A3004364B3 /* L4LoggerStore.h in Headers */,
				FC4BD1C60D0918A3004364B3 /* L4LoggingEvent.h in Headers */,
				FC4BD1C80D0918A3004364B3 /* L4LogLog.h in Headers */,
				FC4BD1CA0D0918A3004364B3 /* L4LogManager.h in Headers */,
				FC4BD1CE0D0918A3004364B3 /* L4RootLogger.h in Headers */,
				FC4BD1D50D0918BF004364B3 /* Log4Cocoa.h in Headers */,
				FCA6590B0D09CC36005DCE68 /* NSObject+Log4Cocoa.h in Headers */,
				FCBBA99E0D57FB9D0070C3BC /* L4PropertyConfigurator.h in Headers */,
				FCBBA9AA0D57FCB50070C3BC /* L4FactoryManager.h in Headers */,
				FCBBA9AC0D57FCB50070C3BC /* L4Properties.h in Headers */,
				FCBBA9B60D57FE5B0070C3BC /* L4BasicConfigurator.h in Headers */,
				FCBBA9B80D57FE5B0070C3BC /* L4Factory.h in Headers */,
				FCBBA9BA0D57FE5B0070C3BC /* L4FactoryProtocols.h in Headers */,
			);
			runOnlyForDeploymentPostprocessing = 0;
		};
/* End PBXHeadersBuildPhase section */

/* Begin PBXNativeTarget section */
		8DC2EF4F0486A6940098B216 /* Log4Cocoa */ = {
			isa = PBXNativeTarget;
			buildConfigurationList = 1DEB91AD08733DA50010E9CD /* Build configuration list for PBXNativeTarget "Log4Cocoa" */;
			buildPhases = (
				8DC2EF500486A6940098B216 /* Headers */,
				8DC2EF520486A6940098B216 /* Resources */,
				8DC2EF540486A6940098B216 /* Sources */,
				8DC2EF560486A6940098B216 /* Frameworks */,
				FC41CD7C0D6B3779008E882C /* Create Latest Build Shortcut */,
			);
			buildRules = (
			);
			dependencies = (
			);
			name = Log4Cocoa;
			productInstallPath = "$(HOME)/Library/Frameworks";
			productName = Log4Cocoa;
			productReference = 8DC2EF5B0486A6940098B216 /* Log4Cocoa.framework */;
			productType = "com.apple.product-type.framework";
		};
		FCFE06E70D0F9C850042188B /* Tests */ = {
			isa = PBXNativeTarget;
			buildConfigurationList = FCFE06EC0D0F9C860042188B /* Build configuration list for PBXNativeTarget "Tests" */;
			buildPhases = (
				FCFE06E30D0F9C850042188B /* Resources */,
				FCFE06E40D0F9C850042188B /* Sources */,
				FCFE06E50D0F9C850042188B /* Frameworks */,
				FCFE06E60D0F9C850042188B /* ShellScript */,
			);
			buildRules = (
			);
			dependencies = (
				FCFE06F80D0F9CAC0042188B /* PBXTargetDependency */,
			);
			name = Tests;
			productName = Tests;
			productReference = FCFE06E80D0F9C850042188B /* Tests.octest */;
			productType = "com.apple.product-type.bundle";
		};
/* End PBXNativeTarget section */

/* Begin PBXProject section */
		0867D690FE84028FC02AAC07 /* Project object */ = {
			isa = PBXProject;
			buildConfigurationList = 1DEB91B108733DA50010E9CD /* Build configuration list for PBXProject "Log4Cocoa" */;
			compatibilityVersion = "Xcode 3.0";
			hasScannedForEncodings = 1;
			mainGroup = 0867D691FE84028FC02AAC07 /* Log4Cocoa */;
			productRefGroup = 034768DFFF38A50411DB9C8B /* Products */;
			projectDirPath = "";
			projectRoot = "";
			targets = (
				8DC2EF4F0486A6940098B216 /* Log4Cocoa */,
				FCA658F70D09C980005DCE68 /* Documentation */,
				FCFE06E70D0F9C850042188B /* Tests */,
			);
		};
/* End PBXProject section */

/* Begin PBXResourcesBuildPhase section */
		8DC2EF520486A6940098B216 /* Resources */ = {
			isa = PBXResourcesBuildPhase;
			buildActionMask = 2147483647;
			files = (
				8DC2EF530486A6940098B216 /* InfoPlist.strings in Resources */,
				FCA658260D09BD59005DCE68 /* COPYRIGHT.txt in Resources */,
				FCDD036E0D0B0CC1001F0B89 /* Doxyfile in Resources */,
			);
			runOnlyForDeploymentPostprocessing = 0;
		};
		FCFE06E30D0F9C850042188B /* Resources */ = {
			isa = PBXResourcesBuildPhase;
			buildActionMask = 2147483647;
			files = (
			);
			runOnlyForDeploymentPostprocessing = 0;
		};
/* End PBXResourcesBuildPhase section */

/* Begin PBXShellScriptBuildPhase section */
		FC41CD7C0D6B3779008E882C /* Create Latest Build Shortcut */ = {
			isa = PBXShellScriptBuildPhase;
			buildActionMask = 2147483647;
			files = (
			);
			inputPaths = (
			);
			name = "Create Latest Build Shortcut";
			outputPaths = (
			);
			runOnlyForDeploymentPostprocessing = 0;
			shellPath = /bin/sh;
			shellScript = "FRMWK=$CONFIGURATION_BUILD_DIR/$FULL_PRODUCT_NAME\nALIAS=$PROJECT_DIR/../../build/Log4Cocoa.framework\nrm -f $ALIAS\nln -s $FRMWK $ALIAS";
		};
		FCA658F60D09C980005DCE68 /* Doxygen */ = {
			isa = PBXShellScriptBuildPhase;
			buildActionMask = 2147483647;
			files = (
			);
			inputPaths = (
			);
			name = Doxygen;
			outputPaths = (
			);
			runOnlyForDeploymentPostprocessing = 0;
			shellPath = /bin/sh;
			shellScript = "/usr/local/bin/doxygen doc/Doxyfile\n";
		};
		FCFE06E60D0F9C850042188B /* ShellScript */ = {
			isa = PBXShellScriptBuildPhase;
			buildActionMask = 2147483647;
			files = (
			);
			inputPaths = (
			);
			outputPaths = (
			);
			runOnlyForDeploymentPostprocessing = 0;
			shellPath = /bin/sh;
			shellScript = "# Run the unit tests in this test bundle.\n\"${SYSTEM_DEVELOPER_DIR}/Tools/RunUnitTests\"\n";
		};
/* End PBXShellScriptBuildPhase section */

/* Begin PBXSourcesBuildPhase section */
		8DC2EF540486A6940098B216 /* Sources */ = {
			isa = PBXSourcesBuildPhase;
			buildActionMask = 2147483647;
			files = (
				FC4BD1770D091824004364B3 /* L4Filter.m in Sources */,
				FC4BD1790D091824004364B3 /* L4Layout.m in Sources */,
				FC4BD17B0D091824004364B3 /* L4PatternLayout.m in Sources */,
				FC4BD17D0D091824004364B3 /* L4SimpleLayout.m in Sources */,
				FC4BD18E0D091853004364B3 /* L4AppenderAttachableImpl.m in Sources */,
				FC4BD1910D091853004364B3 /* L4AppenderSkeleton.m in Sources */,
				FC4BD1930D091853004364B3 /* L4ConsoleAppender.m in Sources */,
				FC4BD1950D091853004364B3 /* L4DailyRollingFileAppender.m in Sources */,
				FC4BD1970D091853004364B3 /* L4FileAppender.m in Sources */,
				FC4BD1990D091853004364B3 /* L4RollingFileAppender.m in Sources */,
				FC4BD19B0D091853004364B3 /* L4WriterAppender.m in Sources */,
				FC4BD1C00D0918A3004364B3 /* L4Level.m in Sources */,
				FC4BD1C20D0918A3004364B3 /* L4Logger.m in Sources */,
				FC4BD1C50D0918A3004364B3 /* L4LoggerStore.m in Sources */,
				FC4BD1C70D0918A3004364B3 /* L4LoggingEvent.m in Sources */,
				FC4BD1C90D0918A3004364B3 /* L4LogLog.m in Sources */,
				FC4BD1CB0D0918A3004364B3 /* L4LogManager.m in Sources */,
				FC4BD1CF0D0918A3004364B3 /* L4RootLogger.m in Sources */,
				FCA6590C0D09CC36005DCE68 /* NSObject+Log4Cocoa.m in Sources */,
				FCBBA99F0D57FB9D0070C3BC /* L4PropertyConfigurator.m in Sources */,
				FCBBA9AB0D57FCB50070C3BC /* L4FactoryManager.m in Sources */,
				FCBBA9AD0D57FCB50070C3BC /* L4Properties.m in Sources */,
				FCBBA9B70D57FE5B0070C3BC /* L4BasicConfigurator.m in Sources */,
				FCBBA9B90D57FE5B0070C3BC /* L4Factory.m in Sources */,
			);
			runOnlyForDeploymentPostprocessing = 0;
		};
		FCFE06E40D0F9C850042188B /* Sources */ = {
			isa = PBXSourcesBuildPhase;
			buildActionMask = 2147483647;
			files = (
				FCFE070F0D0F9F240042188B /* TestMultipulArguments.m in Sources */,
			);
			runOnlyForDeploymentPostprocessing = 0;
		};
/* End PBXSourcesBuildPhase section */

/* Begin PBXTargetDependency section */
		FCFE06F80D0F9CAC0042188B /* PBXTargetDependency */ = {
			isa = PBXTargetDependency;
			target = 8DC2EF4F0486A6940098B216 /* Log4Cocoa */;
			targetProxy = FCFE06F70D0F9CAC0042188B /* PBXContainerItemProxy */;
		};
/* End PBXTargetDependency section */

/* Begin PBXVariantGroup section */
		089C1666FE841158C02AAC07 /* InfoPlist.strings */ = {
			isa = PBXVariantGroup;
			children = (
				089C1667FE841158C02AAC07 /* English */,
			);
			name = InfoPlist.strings;
			sourceTree = "<group>";
		};
/* End PBXVariantGroup section */

/* Begin XCBuildConfiguration section */
		1DEB91AE08733DA50010E9CD /* Debug */ = {
			isa = XCBuildConfiguration;
			buildSettings = {
				COPY_PHASE_STRIP = NO;
				DYLIB_COMPATIBILITY_VERSION = 1;
				DYLIB_CURRENT_VERSION = 1;
				FRAMEWORK_VERSION = A;
				GCC_DYNAMIC_NO_PIC = NO;
				GCC_ENABLE_FIX_AND_CONTINUE = YES;
				GCC_ENABLE_OBJC_GC = supported;
				GCC_MODEL_TUNING = G5;
				GCC_OPTIMIZATION_LEVEL = 0;
				GCC_PRECOMPILE_PREFIX_HEADER = YES;
				GCC_PREFIX_HEADER = Log4Cocoa_Prefix.pch;
				INFOPLIST_FILE = Info.plist;
				INSTALL_PATH = "@loader_path/Frameworks";
				PRODUCT_NAME = Log4Cocoa;
				WRAPPER_EXTENSION = framework;
				ZERO_LINK = YES;
			};
			name = Debug;
		};
		1DEB91AF08733DA50010E9CD /* Release */ = {
			isa = XCBuildConfiguration;
			buildSettings = {
				DEBUG_INFORMATION_FORMAT = "dwarf-with-dsym";
				DYLIB_COMPATIBILITY_VERSION = 1;
				DYLIB_CURRENT_VERSION = 1;
				FRAMEWORK_VERSION = A;
				GCC_ENABLE_OBJC_GC = supported;
				GCC_MODEL_TUNING = G5;
				GCC_PRECOMPILE_PREFIX_HEADER = YES;
				GCC_PREFIX_HEADER = Log4Cocoa_Prefix.pch;
				INFOPLIST_FILE = Info.plist;
				INSTALL_PATH = "@loader_path/Frameworks";
				PRODUCT_NAME = Log4Cocoa;
				WRAPPER_EXTENSION = framework;
			};
			name = Release;
		};
		1DEB91B208733DA50010E9CD /* Debug */ = {
			isa = XCBuildConfiguration;
			buildSettings = {
				GCC_WARN_ABOUT_RETURN_TYPE = YES;
				GCC_WARN_UNUSED_VARIABLE = YES;
				PREBINDING = NO;
				SDKROOT = "$(DEVELOPER_SDK_DIR)/MacOSX10.5.sdk";
			};
			name = Debug;
		};
		1DEB91B308733DA50010E9CD /* Release */ = {
			isa = XCBuildConfiguration;
			buildSettings = {
				ARCHS = (
					ppc,
					i386,
				);
				GCC_WARN_ABOUT_RETURN_TYPE = YES;
				GCC_WARN_UNUSED_VARIABLE = YES;
				PREBINDING = NO;
				SDKROOT = "$(DEVELOPER_SDK_DIR)/MacOSX10.5.sdk";
			};
			name = Release;
		};
		FCA658F80D09C980005DCE68 /* Debug */ = {
			isa = XCBuildConfiguration;
			buildSettings = {
				COPY_PHASE_STRIP = NO;
				GCC_DYNAMIC_NO_PIC = NO;
				GCC_OPTIMIZATION_LEVEL = 0;
				PRODUCT_NAME = Documentation;
			};
			name = Debug;
		};
		FCA658F90D09C980005DCE68 /* Release */ = {
			isa = XCBuildConfiguration;
			buildSettings = {
				COPY_PHASE_STRIP = YES;
				DEBUG_INFORMATION_FORMAT = "dwarf-with-dsym";
				GCC_ENABLE_FIX_AND_CONTINUE = NO;
				PRODUCT_NAME = Documentation;
				ZERO_LINK = NO;
			};
			name = Release;
		};
		FCFE06EA0D0F9C860042188B /* Debug */ = {
			isa = XCBuildConfiguration;
			buildSettings = {
				COPY_PHASE_STRIP = NO;
				FRAMEWORK_SEARCH_PATHS = "$(DEVELOPER_LIBRARY_DIR)/Frameworks";
				GCC_DYNAMIC_NO_PIC = NO;
				GCC_ENABLE_FIX_AND_CONTINUE = NO;
				GCC_ENABLE_OBJC_EXCEPTIONS = YES;
				GCC_ENABLE_OBJC_GC = supported;
				GCC_MODEL_TUNING = G5;
				GCC_OPTIMIZATION_LEVEL = 0;
				GCC_PRECOMPILE_PREFIX_HEADER = YES;
				GCC_PREFIX_HEADER = "$(SYSTEM_LIBRARY_DIR)/Frameworks/Cocoa.framework/Headers/Cocoa.h";
				INFOPLIST_FILE = "Tests-Info.plist";
				INSTALL_PATH = "$(USER_LIBRARY_DIR)/Bundles";
				OTHER_LDFLAGS = (
					"-framework",
					Cocoa,
					"-framework",
					SenTestingKit,
				);
				PREBINDING = NO;
				PRODUCT_NAME = Tests;
				WRAPPER_EXTENSION = octest;
			};
			name = Debug;
		};
		FCFE06EB0D0F9C860042188B /* Release */ = {
			isa = XCBuildConfiguration;
			buildSettings = {
				COPY_PHASE_STRIP = YES;
				DEBUG_INFORMATION_FORMAT = "dwarf-with-dsym";
				FRAMEWORK_SEARCH_PATHS = "$(DEVELOPER_LIBRARY_DIR)/Frameworks";
				GCC_ENABLE_FIX_AND_CONTINUE = NO;
				GCC_ENABLE_OBJC_EXCEPTIONS = YES;
				GCC_ENABLE_OBJC_GC = supported;
				GCC_MODEL_TUNING = G5;
				GCC_PRECOMPILE_PREFIX_HEADER = YES;
				GCC_PREFIX_HEADER = "$(SYSTEM_LIBRARY_DIR)/Frameworks/Cocoa.framework/Headers/Cocoa.h";
				INFOPLIST_FILE = "Tests-Info.plist";
				INSTALL_PATH = "$(USER_LIBRARY_DIR)/Bundles";
				OTHER_LDFLAGS = (
					"-framework",
					Cocoa,
					"-framework",
					SenTestingKit,
				);
				PREBINDING = NO;
				PRODUCT_NAME = Tests;
				WRAPPER_EXTENSION = octest;
				ZERO_LINK = NO;
			};
			name = Release;
		};
/* End XCBuildConfiguration section */

/* Begin XCConfigurationList section */
		1DEB91AD08733DA50010E9CD /* Build configuration list for PBXNativeTarget "Log4Cocoa" */ = {
			isa = XCConfigurationList;
			buildConfigurations = (
				1DEB91AE08733DA50010E9CD /* Debug */,
				1DEB91AF08733DA50010E9CD /* Release */,
			);
			defaultConfigurationIsVisible = 0;
			defaultConfigurationName = Release;
		};
		1DEB91B108733DA50010E9CD /* Build configuration list for PBXProject "Log4Cocoa" */ = {
			isa = XCConfigurationList;
			buildConfigurations = (
				1DEB91B208733DA50010E9CD /* Debug */,
				1DEB91B308733DA50010E9CD /* Release */,
			);
			defaultConfigurationIsVisible = 0;
			defaultConfigurationName = Release;
		};
		FCA658FB0D09C99E005DCE68 /* Build configuration list for PBXAggregateTarget "Documentation" */ = {
			isa = XCConfigurationList;
			buildConfigurations = (
				FCA658F80D09C980005DCE68 /* Debug */,
				FCA658F90D09C980005DCE68 /* Release */,
			);
			defaultConfigurationIsVisible = 0;
			defaultConfigurationName = Release;
		};
		FCFE06EC0D0F9C860042188B /* Build configuration list for PBXNativeTarget "Tests" */ = {
			isa = XCConfigurationList;
			buildConfigurations = (
				FCFE06EA0D0F9C860042188B /* Debug */,
				FCFE06EB0D0F9C860042188B /* Release */,
			);
			defaultConfigurationIsVisible = 0;
			defaultConfigurationName = Release;
		};
/* End XCConfigurationList section */
	};
	rootObject = 0867D690FE84028FC02AAC07 /* Project object */;
}
