// !$*UTF8*$!
{
	archiveVersion = 1;
	classes = {
	};
	objectVersion = 42;
	objects = {

/* Begin PBXBuildFile section */
		8D1AC9700486D14A00FE50C9 /* Cocoa.framework in Frameworks */ = {isa = PBXBuildFile; fileRef = DD92D38A0106425D02CA0E72 /* Cocoa.framework */; };
		8D1AC9800486D23B00FE50C9 /* InfoPlist.strings in Resources */ = {isa = PBXBuildFile; fileRef = 8D1AC97F0486D23B00FE50C9 /* InfoPlist.strings */; };
		C08787290A49DE9A00E9B151 /* O3IB.mm in Sources */ = {isa = PBXBuildFile; fileRef = 0259C576FE90428111CA0C5A /* O3IB.mm */; };
		C0A47C500A523B730004BDC3 /* O3ResManagerInspector.nib in Resources */ = {isa = PBXBuildFile; fileRef = C05B20D80A48CB530099B9E5 /* O3ResManagerInspector.nib */; };
		C0D069560A49DF9100C95564 /* InterfaceBuilderKit.framework in Frameworks */ = {isa = PBXBuildFile; fileRef = C0D069550A49DF9100C95564 /* InterfaceBuilderKit.framework */; };
		D1AEDE470A6C289C0010C343 /* O3IBLibrary.nib in Resources */ = {isa = PBXBuildFile; fileRef = D1AEDE460A6C289C0010C343 /* O3IBLibrary.nib */; };
		FC56C3770CC148AE00B7F12A /* O3ResManager+IB.mm in Sources */ = {isa = PBXBuildFile; fileRef = FC56C3760CC148AE00B7F12A /* O3ResManager+IB.mm */; };
		FC57D3D80CB8668800741F39 /* O3ResManagerInspector.mm in Sources */ = {isa = PBXBuildFile; fileRef = FC57D3D70CB8668800741F39 /* O3ResManagerInspector.mm */; };
		FC57D3EF0CB8987A00741F39 /* O3ResManager.classdescription in Resources */ = {isa = PBXBuildFile; fileRef = FC57D3EE0CB8987A00741F39 /* O3ResManager.classdescription */; };
		FC57D4E70CB9E0C400741F39 /* O3ResManager.icns in Resources */ = {isa = PBXBuildFile; fileRef = FC57D4E60CB9E0C400741F39 /* O3ResManager.icns */; };
		FCE25B7C0CC4517B0064CA75 /* ObjC3D.framework in Frameworks */ = {isa = PBXBuildFile; fileRef = FCE25B1E0CC4514B0064CA75 /* ObjC3D.framework */; };
		FCE25B960CC452E40064CA75 /* ObjC3D.framework in Implant Frameworks */ = {isa = PBXBuildFile; fileRef = FCE25B1E0CC4514B0064CA75 /* ObjC3D.framework */; };
/* End PBXBuildFile section */

/* Begin PBXContainerItemProxy section */
		FC57D31D0CB7D6A500741F39 /* PBXContainerItemProxy */ = {
			isa = PBXContainerItemProxy;
			containerPortal = FC57D3160CB7D6A500741F39 /* ObjC3D.xcodeproj */;
			proxyType = 2;
			remoteGlobalIDString = FCEF50D70C17C1C900B97983;
			remoteInfo = Tests;
		};
		FC57D31F0CB7D6A500741F39 /* PBXContainerItemProxy */ = {
			isa = PBXContainerItemProxy;
			containerPortal = FC57D3160CB7D6A500741F39 /* ObjC3D.xcodeproj */;
			proxyType = 2;
			remoteGlobalIDString = FC2C1BB70C123F7A0084A599;
			remoteInfo = ObjC3D.framework;
		};
		FC57D3210CB7D6A500741F39 /* PBXContainerItemProxy */ = {
			isa = PBXContainerItemProxy;
			containerPortal = FC57D3160CB7D6A500741F39 /* ObjC3D.xcodeproj */;
			proxyType = 2;
			remoteGlobalIDString = FCEA98D60C9E18F800D93A70;
			remoteInfo = TestRunner;
		};
		FC57D3240CB7D6BA00741F39 /* PBXContainerItemProxy */ = {
			isa = PBXContainerItemProxy;
			containerPortal = FC57D3160CB7D6A500741F39 /* ObjC3D.xcodeproj */;
			proxyType = 1;
			remoteGlobalIDString = FC2C1BB60C123F790084A599;
			remoteInfo = ObjC3D.framework;
		};
/* End PBXContainerItemProxy section */

/* Begin PBXCopyFilesBuildPhase section */
		FCE25B860CC451BB0064CA75 /* Implant Frameworks */ = {
			isa = PBXCopyFilesBuildPhase;
			buildActionMask = 2147483647;
			dstPath = "";
			dstSubfolderSpec = 10;
			files = (
				FCE25B960CC452E40064CA75 /* ObjC3D.framework in Implant Frameworks */,
			);
			name = "Implant Frameworks";
			runOnlyForDeploymentPostprocessing = 0;
		};
/* End PBXCopyFilesBuildPhase section */

/* Begin PBXFileReference section */
		0259C576FE90428111CA0C5A /* O3IB.mm */ = {isa = PBXFileReference; fileEncoding = 30; lastKnownFileType = sourcecode.cpp.objcpp; path = O3IB.mm; sourceTree = "<group>"; };
		0259C57AFE90428111CA0C5A /* O3IB.h */ = {isa = PBXFileReference; fileEncoding = 30; lastKnownFileType = sourcecode.c.h; path = O3IB.h; sourceTree = "<group>"; };
		13F8B88807B434F6008AE28D /* AppKit.framework */ = {isa = PBXFileReference; lastKnownFileType = wrapper.framework; name = AppKit.framework; path = /System/Library/Frameworks/AppKit.framework; sourceTree = "<absolute>"; };
		13F8B88907B434F6008AE28D /* CoreData.framework */ = {isa = PBXFileReference; lastKnownFileType = wrapper.framework; name = CoreData.framework; path = /System/Library/Frameworks/CoreData.framework; sourceTree = "<absolute>"; };
		13F8B88A07B434F6008AE28D /* Foundation.framework */ = {isa = PBXFileReference; lastKnownFileType = wrapper.framework; name = Foundation.framework; path = /System/Library/Frameworks/Foundation.framework; sourceTree = "<absolute>"; };
		32DBCF980370C29C00C91783 /* O3IB_Prefix.pch */ = {isa = PBXFileReference; fileEncoding = 4; lastKnownFileType = sourcecode.c.h; path = O3IB_Prefix.pch; sourceTree = "<group>"; };
		8D1AC9730486D14A00FE50C9 /* Info.plist */ = {isa = PBXFileReference; fileEncoding = 4; lastKnownFileType = text.plist; path = Info.plist; sourceTree = "<group>"; };
		8D1AC9740486D14A00FE50C9 /* O3IB.ibplugin */ = {isa = PBXFileReference; explicitFileType = wrapper.cfbundle; includeInIndex = 0; path = O3IB.ibplugin; sourceTree = BUILT_PRODUCTS_DIR; };
		8D1AC97B0486D23100FE50C9 /* English */ = {isa = PBXFileReference; fileEncoding = 10; lastKnownFileType = text.plist.strings; name = English; path = English.lproj/InfoPlist.strings; sourceTree = "<group>"; };
		C05B20D80A48CB530099B9E5 /* O3ResManagerInspector.nib */ = {isa = PBXFileReference; fileEncoding = 30; lastKnownFileType = wrapper.nib; name = O3ResManagerInspector.nib; path = English.lproj/O3ResManagerInspector.nib; sourceTree = "<group>"; };
		C0D069550A49DF9100C95564 /* InterfaceBuilderKit.framework */ = {isa = PBXFileReference; lastKnownFileType = wrapper.framework; name = InterfaceBuilderKit.framework; path = /Developer/Library/Frameworks/InterfaceBuilderKit.framework; sourceTree = "<absolute>"; };
		D1AEDE460A6C289C0010C343 /* O3IBLibrary.nib */ = {isa = PBXFileReference; lastKnownFileType = wrapper.nib; name = O3IBLibrary.nib; path = English.lproj/O3IBLibrary.nib; sourceTree = "<group>"; };
		DD92D38A0106425D02CA0E72 /* Cocoa.framework */ = {isa = PBXFileReference; lastKnownFileType = wrapper.framework; name = Cocoa.framework; path = /System/Library/Frameworks/Cocoa.framework; sourceTree = "<absolute>"; };
		FC56C3750CC148AE00B7F12A /* O3ResManager+IB.h */ = {isa = PBXFileReference; fileEncoding = 4; lastKnownFileType = sourcecode.c.h; path = "O3ResManager+IB.h"; sourceTree = "<group>"; };
		FC56C3760CC148AE00B7F12A /* O3ResManager+IB.mm */ = {isa = PBXFileReference; fileEncoding = 4; lastKnownFileType = sourcecode.cpp.objcpp; path = "O3ResManager+IB.mm"; sourceTree = "<group>"; };
		FC57D3160CB7D6A500741F39 /* ObjC3D.xcodeproj */ = {isa = PBXFileReference; lastKnownFileType = "wrapper.pb-project"; name = ObjC3D.xcodeproj; path = ../ObjC3D.xcodeproj; sourceTree = SOURCE_ROOT; };
		FC57D3D60CB8668800741F39 /* O3ResManagerInspector.h */ = {isa = PBXFileReference; fileEncoding = 4; lastKnownFileType = sourcecode.c.h; path = O3ResManagerInspector.h; sourceTree = "<group>"; };
		FC57D3D70CB8668800741F39 /* O3ResManagerInspector.mm */ = {isa = PBXFileReference; fileEncoding = 4; lastKnownFileType = sourcecode.cpp.objcpp; path = O3ResManagerInspector.mm; sourceTree = "<group>"; };
		FC57D3EE0CB8987A00741F39 /* O3ResManager.classdescription */ = {isa = PBXFileReference; fileEncoding = 4; lastKnownFileType = text; path = O3ResManager.classdescription; sourceTree = "<group>"; };
		FC57D4E60CB9E0C400741F39 /* O3ResManager.icns */ = {isa = PBXFileReference; lastKnownFileType = image.icns; path = O3ResManager.icns; sourceTree = "<group>"; };
		FCE25B1E0CC4514B0064CA75 /* ObjC3D.framework */ = {isa = PBXFileReference; lastKnownFileType = wrapper.framework; name = ObjC3D.framework; path = ../build/ObjC3D.framework; sourceTree = SOURCE_ROOT; };
/* End PBXFileReference section */

/* Begin PBXFrameworksBuildPhase section */
		8D1AC96E0486D14A00FE50C9 /* Frameworks */ = {
			isa = PBXFrameworksBuildPhase;
			buildActionMask = 2147483647;
			files = (
				FCE25B7C0CC4517B0064CA75 /* ObjC3D.framework in Frameworks */,
				8D1AC9700486D14A00FE50C9 /* Cocoa.framework in Frameworks */,
				C0D069560A49DF9100C95564 /* InterfaceBuilderKit.framework in Frameworks */,
			);
			runOnlyForDeploymentPostprocessing = 0;
		};
/* End PBXFrameworksBuildPhase section */

/* Begin PBXGroup section */
		0259C574FE90428111CA0C5A /* O3IB */ = {
			isa = PBXGroup;
			children = (
				FC57D3160CB7D6A500741F39 /* ObjC3D.xcodeproj */,
				32DBCF9E0370C38000C91783 /* Plugin */,
				54D33B2C06778E4400C9C163 /* Framework */,
				0259C582FE90428111CA0C5A /* Resources */,
				1ED78706FE9D4A0611CA0C5A /* Products */,
				2E58F364FFB232C311CA0CBA /* Frameworks */,
			);
			name = O3IB;
			sourceTree = "<group>";
		};
		0259C582FE90428111CA0C5A /* Resources */ = {
			isa = PBXGroup;
			children = (
				D1AEDE460A6C289C0010C343 /* O3IBLibrary.nib */,
				8D1AC9730486D14A00FE50C9 /* Info.plist */,
				8D1AC97F0486D23B00FE50C9 /* InfoPlist.strings */,
			);
			name = Resources;
			sourceTree = "<group>";
		};
		131E8FE8067F80F40006E0CE /* Resources */ = {
			isa = PBXGroup;
			children = (
			);
			name = Resources;
			sourceTree = "<group>";
		};
		13F8B6FD07B43410008AE28D /* Linked Frameworks */ = {
			isa = PBXGroup;
			children = (
				DD92D38A0106425D02CA0E72 /* Cocoa.framework */,
				C0D069550A49DF9100C95564 /* InterfaceBuilderKit.framework */,
			);
			name = "Linked Frameworks";
			sourceTree = "<group>";
		};
		13F8B70407B43425008AE28D /* Other Frameworks */ = {
			isa = PBXGroup;
			children = (
				13F8B88807B434F6008AE28D /* AppKit.framework */,
				13F8B88907B434F6008AE28D /* CoreData.framework */,
				13F8B88A07B434F6008AE28D /* Foundation.framework */,
			);
			name = "Other Frameworks";
			sourceTree = "<group>";
		};
		1ED78706FE9D4A0611CA0C5A /* Products */ = {
			isa = PBXGroup;
			children = (
				8D1AC9740486D14A00FE50C9 /* O3IB.ibplugin */,
			);
			name = Products;
			sourceTree = "<group>";
		};
		2E58F364FFB232C311CA0CBA /* Frameworks */ = {
			isa = PBXGroup;
			children = (
				FCE25B1E0CC4514B0064CA75 /* ObjC3D.framework */,
				13F8B6FD07B43410008AE28D /* Linked Frameworks */,
				13F8B70407B43425008AE28D /* Other Frameworks */,
			);
			name = Frameworks;
			sourceTree = "<group>";
		};
		32DBCF9E0370C38000C91783 /* Plugin */ = {
			isa = PBXGroup;
			children = (
				FC56C3740CC1488A00B7F12A /* O3ResManager */,
				54D33B2506778DF000C9C163 /* Classes */,
				32DBCF9F0370C38200C91783 /* Other Sources */,
				131E8FE8067F80F40006E0CE /* Resources */,
			);
			name = Plugin;
			sourceTree = "<group>";
		};
		32DBCF9F0370C38200C91783 /* Other Sources */ = {
			isa = PBXGroup;
			children = (
				32DBCF980370C29C00C91783 /* O3IB_Prefix.pch */,
			);
			name = "Other Sources";
			sourceTree = "<group>";
		};
		54D33B2506778DF000C9C163 /* Classes */ = {
			isa = PBXGroup;
			children = (
				0259C57AFE90428111CA0C5A /* O3IB.h */,
				0259C576FE90428111CA0C5A /* O3IB.mm */,
			);
			name = Classes;
			sourceTree = "<group>";
		};
		54D33B2C06778E4400C9C163 /* Framework */ = {
			isa = PBXGroup;
			children = (
				C0894DA40C32F4C100401507 /* Classes */,
			);
			name = Framework;
			sourceTree = "<group>";
		};
		C0894DA40C32F4C100401507 /* Classes */ = {
			isa = PBXGroup;
			children = (
			);
			name = Classes;
			sourceTree = "<group>";
		};
		FC56C3740CC1488A00B7F12A /* O3ResManager */ = {
			isa = PBXGroup;
			children = (
				FC57D3EE0CB8987A00741F39 /* O3ResManager.classdescription */,
				FC57D3D60CB8668800741F39 /* O3ResManagerInspector.h */,
				FC57D3D70CB8668800741F39 /* O3ResManagerInspector.mm */,
				FC56C3750CC148AE00B7F12A /* O3ResManager+IB.h */,
				FC56C3760CC148AE00B7F12A /* O3ResManager+IB.mm */,
				FC57D4E60CB9E0C400741F39 /* O3ResManager.icns */,
				C05B20D80A48CB530099B9E5 /* O3ResManagerInspector.nib */,
			);
			name = O3ResManager;
			sourceTree = "<group>";
		};
		FC57D3170CB7D6A500741F39 /* Products */ = {
			isa = PBXGroup;
			children = (
				FC57D31E0CB7D6A500741F39 /* Tests.octest */,
				FC57D3200CB7D6A500741F39 /* ObjC3D.framework */,
				FC57D3220CB7D6A500741F39 /* TestRunner.app */,
			);
			name = Products;
			sourceTree = "<group>";
		};
/* End PBXGroup section */

/* Begin PBXNativeTarget section */
		8D1AC9600486D14A00FE50C9 /* O3IB */ = {
			isa = PBXNativeTarget;
			buildConfigurationList = C056398308A954F8003078D8 /* Build configuration list for PBXNativeTarget "O3IB" */;
			buildPhases = (
				8D1AC9660486D14A00FE50C9 /* Resources */,
				FC57D40F0CB8A1FB00741F39 /* Portabalize ObjC3D */,
				FCE25B860CC451BB0064CA75 /* Implant Frameworks */,
				8D1AC96A0486D14A00FE50C9 /* Sources */,
				8D1AC96E0486D14A00FE50C9 /* Frameworks */,
			);
			buildRules = (
			);
			dependencies = (
				FC57D3250CB7D6BA00741F39 /* PBXTargetDependency */,
			);
			name = O3IB;
			productInstallPath = "$(HOME)/Developer/Palettes";
			productName = O3IB;
			productReference = 8D1AC9740486D14A00FE50C9 /* O3IB.ibplugin */;
			productType = "com.apple.product-type.bundle";
		};
/* End PBXNativeTarget section */

/* Begin PBXProject section */
		0259C573FE90428111CA0C5A /* Project object */ = {
			isa = PBXProject;
			buildConfigurationList = C056398B08A954F8003078D8 /* Build configuration list for PBXProject "O3IB" */;
			compatibilityVersion = "Xcode 2.4";
			hasScannedForEncodings = 1;
			mainGroup = 0259C574FE90428111CA0C5A /* O3IB */;
			projectDirPath = "";
			projectReferences = (
				{
					ProductGroup = FC57D3170CB7D6A500741F39 /* Products */;
					ProjectRef = FC57D3160CB7D6A500741F39 /* ObjC3D.xcodeproj */;
				},
			);
			projectRoot = "";
			targets = (
				8D1AC9600486D14A00FE50C9 /* O3IB */,
			);
		};
/* End PBXProject section */

/* Begin PBXReferenceProxy section */
		FC57D31E0CB7D6A500741F39 /* Tests.octest */ = {
			isa = PBXReferenceProxy;
			fileType = wrapper.cfbundle;
			path = Tests.octest;
			remoteRef = FC57D31D0CB7D6A500741F39 /* PBXContainerItemProxy */;
			sourceTree = BUILT_PRODUCTS_DIR;
		};
		FC57D3200CB7D6A500741F39 /* ObjC3D.framework */ = {
			isa = PBXReferenceProxy;
			fileType = wrapper.framework;
			path = ObjC3D.framework;
			remoteRef = FC57D31F0CB7D6A500741F39 /* PBXContainerItemProxy */;
			sourceTree = BUILT_PRODUCTS_DIR;
		};
		FC57D3220CB7D6A500741F39 /* TestRunner.app */ = {
			isa = PBXReferenceProxy;
			fileType = wrapper.application;
			path = TestRunner.app;
			remoteRef = FC57D3210CB7D6A500741F39 /* PBXContainerItemProxy */;
			sourceTree = BUILT_PRODUCTS_DIR;
		};
/* End PBXReferenceProxy section */

/* Begin PBXResourcesBuildPhase section */
		8D1AC9660486D14A00FE50C9 /* Resources */ = {
			isa = PBXResourcesBuildPhase;
			buildActionMask = 2147483647;
			files = (
				8D1AC9800486D23B00FE50C9 /* InfoPlist.strings in Resources */,
				C0A47C500A523B730004BDC3 /* O3ResManagerInspector.nib in Resources */,
				D1AEDE470A6C289C0010C343 /* O3IBLibrary.nib in Resources */,
				FC57D3EF0CB8987A00741F39 /* O3ResManager.classdescription in Resources */,
				FC57D4E70CB9E0C400741F39 /* O3ResManager.icns in Resources */,
			);
			runOnlyForDeploymentPostprocessing = 0;
		};
/* End PBXResourcesBuildPhase section */

/* Begin PBXShellScriptBuildPhase section */
		FC57D40F0CB8A1FB00741F39 /* Portabalize ObjC3D */ = {
			isa = PBXShellScriptBuildPhase;
			buildActionMask = 2147483647;
			files = (
			);
			inputPaths = (
			);
			name = "Portabalize ObjC3D";
			outputPaths = (
			);
			runOnlyForDeploymentPostprocessing = 0;
			shellPath = /bin/sh;
			shellScript = "PSCRIPT=$PROJECT_DIR/../build/ObjC3D.framework/portabalize.sh\necho Running portabalization script at $PSCRIPT\nchmod +x $PSCRIPT\n$PSCRIPT";
		};
/* End PBXShellScriptBuildPhase section */

/* Begin PBXSourcesBuildPhase section */
		8D1AC96A0486D14A00FE50C9 /* Sources */ = {
			isa = PBXSourcesBuildPhase;
			buildActionMask = 2147483647;
			files = (
				C08787290A49DE9A00E9B151 /* O3IB.mm in Sources */,
				FC57D3D80CB8668800741F39 /* O3ResManagerInspector.mm in Sources */,
				FC56C3770CC148AE00B7F12A /* O3ResManager+IB.mm in Sources */,
			);
			runOnlyForDeploymentPostprocessing = 0;
		};
/* End PBXSourcesBuildPhase section */

/* Begin PBXTargetDependency section */
		FC57D3250CB7D6BA00741F39 /* PBXTargetDependency */ = {
			isa = PBXTargetDependency;
			name = ObjC3D.framework;
			targetProxy = FC57D3240CB7D6BA00741F39 /* PBXContainerItemProxy */;
		};
/* End PBXTargetDependency section */

/* Begin PBXVariantGroup section */
		8D1AC97F0486D23B00FE50C9 /* InfoPlist.strings */ = {
			isa = PBXVariantGroup;
			children = (
				8D1AC97B0486D23100FE50C9 /* English */,
			);
			name = InfoPlist.strings;
			sourceTree = "<group>";
		};
/* End PBXVariantGroup section */

/* Begin XCBuildConfiguration section */
		C056398408A954F8003078D8 /* Debug */ = {
			isa = XCBuildConfiguration;
			buildSettings = {
				COPY_PHASE_STRIP = NO;
				FRAMEWORK_SEARCH_PATHS = (
					"$(FRAMEWORK_SEARCH_PATHS_QUOTED_FOR_TARGET_1)",
					$inherited,
					$FRAMEWORK_SEARCH_PATHS_QUOTED_2,
					$FRAMEWORK_SEARCH_PATHS_QUOTED_1,
					$TARGET_BUILD_DIR/$FRAMEWORKS_FOLDER_PATH,
					"$(FRAMEWORK_SEARCH_PATHS_QUOTED_FOR_TARGET_2)",
				);
				FRAMEWORK_SEARCH_PATHS_QUOTED_1 = "\"$(HOME)/Library/Frameworks/\"";
				FRAMEWORK_SEARCH_PATHS_QUOTED_2 = "\"$(DEVELOPER_DIR)/Library/Frameworks\"";
				FRAMEWORK_SEARCH_PATHS_QUOTED_FOR_TARGET_1 = "\"$(BUILD_DIR)/$(CONFIGURATION)\"";
				FRAMEWORK_SEARCH_PATHS_QUOTED_FOR_TARGET_2 = "\"$(SRCROOT)/../build\"";
				GCC_DYNAMIC_NO_PIC = NO;
				GCC_ENABLE_FIX_AND_CONTINUE = YES;
				GCC_MODEL_TUNING = G5;
				GCC_OPTIMIZATION_LEVEL = 0;
				GCC_PRECOMPILE_PREFIX_HEADER = YES;
				GCC_PREFIX_HEADER = O3IB_Prefix.pch;
				INFOPLIST_FILE = Info.plist;
				OTHER_LDFLAGS = (
					"-framework",
					ObjC3D,
				);
				PRODUCT_NAME = O3IB;
				WRAPPER_EXTENSION = ibplugin;
				ZERO_LINK = YES;
			};
			name = Debug;
		};
		C056398508A954F8003078D8 /* Release */ = {
			isa = XCBuildConfiguration;
			buildSettings = {
				CONFIGURATION_TEMP_DIR = "$(PROJECT_TEMP_DIR)$(CONFIGURATION)";
				COPY_PHASE_STRIP = NO;
				DEBUG_INFORMATION_FORMAT = "dwarf-with-dsym";
				FRAMEWORK_SEARCH_PATHS = (
					"$(FRAMEWORK_SEARCH_PATHS_QUOTED_FOR_TARGET_1)",
					$inherited,
					$FRAMEWORK_SEARCH_PATHS_QUOTED_2,
					$FRAMEWORK_SEARCH_PATHS_QUOTED_1,
					$TARGET_BUILD_DIR/$FRAMEWORKS_FOLDER_PATH,
					"$(FRAMEWORK_SEARCH_PATHS_QUOTED_FOR_TARGET_2)",
				);
				FRAMEWORK_SEARCH_PATHS_QUOTED_1 = "\"$(HOME)/Library/Frameworks/\"";
				FRAMEWORK_SEARCH_PATHS_QUOTED_2 = "\"$(DEVELOPER_DIR)/Library/Frameworks\"";
				FRAMEWORK_SEARCH_PATHS_QUOTED_FOR_TARGET_1 = "\"$(BUILD_DIR)/$(CONFIGURATION)\"";
				FRAMEWORK_SEARCH_PATHS_QUOTED_FOR_TARGET_2 = "\"$(SRCROOT)/../build\"";
				GCC_MODEL_TUNING = G5;
				GCC_PRECOMPILE_PREFIX_HEADER = YES;
				GCC_PREFIX_HEADER = O3IB_Prefix.pch;
				INFOPLIST_FILE = Info.plist;
				OTHER_LDFLAGS = (
					"-framework",
					ObjC3D,
				);
				PRODUCT_NAME = O3IB;
				WRAPPER_EXTENSION = ibplugin;
			};
			name = Release;
		};
		C056398C08A954F8003078D8 /* Debug */ = {
			isa = XCBuildConfiguration;
			buildSettings = {
				GCC_MODEL_TUNING = "";
				GCC_WARN_ABOUT_RETURN_TYPE = YES;
				GCC_WARN_UNUSED_VARIABLE = YES;
				PREBINDING = NO;
				SDKROOT = /Developer/SDKs/MacOSX10.5.sdk;
			};
			name = Debug;
		};
		C056398D08A954F8003078D8 /* Release */ = {
			isa = XCBuildConfiguration;
			buildSettings = {
				ARCHS = (
					ppc,
					i386,
				);
				GCC_MODEL_TUNING = "";
				GCC_WARN_ABOUT_RETURN_TYPE = YES;
				GCC_WARN_UNUSED_VARIABLE = YES;
				PREBINDING = NO;
				SDKROOT = /Developer/SDKs/MacOSX10.5.sdk;
			};
			name = Release;
		};
/* End XCBuildConfiguration section */

/* Begin XCConfigurationList section */
		C056398308A954F8003078D8 /* Build configuration list for PBXNativeTarget "O3IB" */ = {
			isa = XCConfigurationList;
			buildConfigurations = (
				C056398408A954F8003078D8 /* Debug */,
				C056398508A954F8003078D8 /* Release */,
			);
			defaultConfigurationIsVisible = 0;
			defaultConfigurationName = Release;
		};
		C056398B08A954F8003078D8 /* Build configuration list for PBXProject "O3IB" */ = {
			isa = XCConfigurationList;
			buildConfigurations = (
				C056398C08A954F8003078D8 /* Debug */,
				C056398D08A954F8003078D8 /* Release */,
			);
			defaultConfigurationIsVisible = 0;
			defaultConfigurationName = Release;
		};
/* End XCConfigurationList section */
	};
	rootObject = 0259C573FE90428111CA0C5A /* Project object */;
}
